Microsoft Visual Studio Solution File, Format Version 12.00
# Visual Studio Version 17
VisualStudioVersion = 17.0.31903.59
MinimumVisualStudioVersion = 10.0.40219.1
Project("{9A19103F-16F7-4668-BE54-9A1E7A4F7556}") = "BasicInjector", "examples\BasicInjector\BasicInjector.csproj", "{65BCE52F-3A67-4B94-96D3-917D4E577D8C}"
EndProject
Project("{9A19103F-16F7-4668-BE54-9A1E7A4F7556}") = "MTGOInjector", "src\MTGOInjector\MTGOInjector.csproj", "{A5E25693-8E24-406B-915B-9E196BE19376}"
EndProject
Project("{9A19103F-16F7-4668-BE54-9A1E7A4F7556}") = "RemoteNET", "third_party\RemoteNET\src\RemoteNET\RemoteNET.csproj", "{D1ACBDEC-184B-4F5B-85CD-E02B5F712121}"
	ProjectSection(ProjectDependencies) = postProject
		{E9771628-EF64-4DD8-9906-E7B1990A0FB9} = {E9771628-EF64-4DD8-9906-E7B1990A0FB9}
		{8DF5D538-941D-44E8-803E-9E135926EBE8} = {8DF5D538-941D-44E8-803E-9E135926EBE8}
		{71033F61-0D65-468E-81E7-A5765BCF9282} = {71033F61-0D65-468E-81E7-A5765BCF9282}
		{5DE7F97C-B97B-489F-A1E4-9F9656317F94} = {5DE7F97C-B97B-489F-A1E4-9F9656317F94}
		{0C3EB2F7-92BA-4895-99FC-7098A16FFE8C} = {0C3EB2F7-92BA-4895-99FC-7098A16FFE8C}
	EndProjectSection
EndProject
Project("{FAE04EC0-301F-11D3-BF4B-00C04F79EFBC}") = "ScubaDiver", "third_party\RemoteNET\src\ScubaDiver\ScubaDiver.csproj", "{8DF5D538-941D-44E8-803E-9E135926EBE8}"
EndProject
Project("{9A19103F-16F7-4668-BE54-9A1E7A4F7556}") = "ScubaDiver.API", "third_party\RemoteNET\src\ScubaDiver.API\ScubaDiver.API.csproj", "{0FE20420-27E2-467F-AB2D-78B6A795B255}"
EndProject
Project("{8BC9CEB8-8B4A-11D0-8D11-00A0C91BC942}") = "Bootstrapper", "third_party\SharpNeedle\src\Bootstrapper\Bootstrapper.vcxproj", "{5DE7F97C-B97B-489F-A1E4-9F9656317F94}"
EndProject
Project("{8BC9CEB8-8B4A-11D0-8D11-00A0C91BC942}") = "Bootstrapper_x64", "third_party\SharpNeedle\src\Bootstrapper\Bootstrapper_x64.vcxproj", "{E9771628-EF64-4DD8-9906-E7B1990A0FB9}"
EndProject
Project("{8BC9CEB8-8B4A-11D0-8D11-00A0C91BC942}") = "Launcher", "third_party\SharpNeedle\src\Launcher\Launcher.vcxproj", "{0C3EB2F7-92BA-4895-99FC-7098A16FFE8C}"
EndProject
Project("{8BC9CEB8-8B4A-11D0-8D11-00A0C91BC942}") = "Launcher_x64", "third_party\SharpNeedle\src\Launcher\Launcher_x64.vcxproj", "{71033F61-0D65-468E-81E7-A5765BCF9282}"
EndProject
Global
	GlobalSection(SolutionConfigurationPlatforms) = preSolution
		Debug|Any CPU = Debug|Any CPU
		Debug|Mixed = Debug|Mixed
		Release|Any CPU = Release|Any CPU
		Release|Mixed = Release|Mixed
	EndGlobalSection
	GlobalSection(ProjectConfigurationPlatforms) = postSolution
		{A5E25693-8E24-406B-915B-9E196BE19376}.Debug|Any CPU.ActiveCfg = Debug|Any CPU
		{A5E25693-8E24-406B-915B-9E196BE19376}.Debug|Any CPU.Build.0 = Debug|Any CPU
		{A5E25693-8E24-406B-915B-9E196BE19376}.Debug|Mixed.ActiveCfg = Debug|Any CPU
		{A5E25693-8E24-406B-915B-9E196BE19376}.Debug|Mixed.Build.0 = Debug|Any CPU
		{A5E25693-8E24-406B-915B-9E196BE19376}.Release|Any CPU.ActiveCfg = Release|Any CPU
		{A5E25693-8E24-406B-915B-9E196BE19376}.Release|Any CPU.Build.0 = Release|Any CPU
		{A5E25693-8E24-406B-915B-9E196BE19376}.Release|Mixed.ActiveCfg = Release|Any CPU
		{A5E25693-8E24-406B-915B-9E196BE19376}.Release|Mixed.Build.0 = Release|Any CPU
		{D1ACBDEC-184B-4F5B-85CD-E02B5F712121}.Debug|Any CPU.ActiveCfg = Debug|Any CPU
		{D1ACBDEC-184B-4F5B-85CD-E02B5F712121}.Debug|Any CPU.Build.0 = Debug|Any CPU
		{D1ACBDEC-184B-4F5B-85CD-E02B5F712121}.Debug|Mixed.ActiveCfg = Debug|Any CPU
		{D1ACBDEC-184B-4F5B-85CD-E02B5F712121}.Debug|Mixed.Build.0 = Debug|Any CPU
		{D1ACBDEC-184B-4F5B-85CD-E02B5F712121}.Release|Any CPU.ActiveCfg = Release|Any CPU
		{D1ACBDEC-184B-4F5B-85CD-E02B5F712121}.Release|Any CPU.Build.0 = Release|Any CPU
		{D1ACBDEC-184B-4F5B-85CD-E02B5F712121}.Release|Mixed.ActiveCfg = Release|Any CPU
		{D1ACBDEC-184B-4F5B-85CD-E02B5F712121}.Release|Mixed.Build.0 = Release|Any CPU
		{8DF5D538-941D-44E8-803E-9E135926EBE8}.Debug|Any CPU.ActiveCfg = Debug|Any CPU
		{8DF5D538-941D-44E8-803E-9E135926EBE8}.Debug|Any CPU.Build.0 = Debug|Any CPU
		{8DF5D538-941D-44E8-803E-9E135926EBE8}.Debug|Mixed.ActiveCfg = Debug|Any CPU
		{8DF5D538-941D-44E8-803E-9E135926EBE8}.Debug|Mixed.Build.0 = Debug|Any CPU
		{8DF5D538-941D-44E8-803E-9E135926EBE8}.Release|Any CPU.ActiveCfg = Release|Any CPU
		{8DF5D538-941D-44E8-803E-9E135926EBE8}.Release|Any CPU.Build.0 = Release|Any CPU
		{8DF5D538-941D-44E8-803E-9E135926EBE8}.Release|Mixed.ActiveCfg = Release|Any CPU
		{8DF5D538-941D-44E8-803E-9E135926EBE8}.Release|Mixed.Build.0 = Release|Any CPU
		{0FE20420-27E2-467F-AB2D-78B6A795B255}.Debug|Any CPU.ActiveCfg = Debug|Any CPU
		{0FE20420-27E2-467F-AB2D-78B6A795B255}.Debug|Any CPU.Build.0 = Debug|Any CPU
		{0FE20420-27E2-467F-AB2D-78B6A795B255}.Debug|Mixed.ActiveCfg = Debug|Any CPU
		{0FE20420-27E2-467F-AB2D-78B6A795B255}.Debug|Mixed.Build.0 = Debug|Any CPU
		{0FE20420-27E2-467F-AB2D-78B6A795B255}.Release|Any CPU.ActiveCfg = Release|Any CPU
		{0FE20420-27E2-467F-AB2D-78B6A795B255}.Release|Any CPU.Build.0 = Release|Any CPU
		{0FE20420-27E2-467F-AB2D-78B6A795B255}.Release|Mixed.ActiveCfg = Release|Any CPU
		{0FE20420-27E2-467F-AB2D-78B6A795B255}.Release|Mixed.Build.0 = Release|Any CPU
		{5DE7F97C-B97B-489F-A1E4-9F9656317F94}.Debug|Any CPU.ActiveCfg = Debug|Win32
		{5DE7F97C-B97B-489F-A1E4-9F9656317F94}.Debug|Any CPU.Build.0 = Debug|Win32
		{5DE7F97C-B97B-489F-A1E4-9F9656317F94}.Debug|Mixed.ActiveCfg = Debug|Win32
		{5DE7F97C-B97B-489F-A1E4-9F9656317F94}.Debug|Mixed.Build.0 = Debug|Win32
		{5DE7F97C-B97B-489F-A1E4-9F9656317F94}.Release|Any CPU.ActiveCfg = Release|Win32
		{5DE7F97C-B97B-489F-A1E4-9F9656317F94}.Release|Any CPU.Build.0 = Release|Win32
		{5DE7F97C-B97B-489F-A1E4-9F9656317F94}.Release|Mixed.ActiveCfg = Release|Win32
		{5DE7F97C-B97B-489F-A1E4-9F9656317F94}.Release|Mixed.Build.0 = Release|Win32
		{E9771628-EF64-4DD8-9906-E7B1990A0FB9}.Debug|Any CPU.ActiveCfg = Debug|x64
		{E9771628-EF64-4DD8-9906-E7B1990A0FB9}.Debug|Any CPU.Build.0 = Debug|x64
		{E9771628-EF64-4DD8-9906-E7B1990A0FB9}.Debug|Mixed.ActiveCfg = Debug|x64
		{E9771628-EF64-4DD8-9906-E7B1990A0FB9}.Debug|Mixed.Build.0 = Debug|x64
		{E9771628-EF64-4DD8-9906-E7B1990A0FB9}.Release|Any CPU.ActiveCfg = Release|x64
		{E9771628-EF64-4DD8-9906-E7B1990A0FB9}.Release|Any CPU.Build.0 = Release|x64
		{E9771628-EF64-4DD8-9906-E7B1990A0FB9}.Release|Mixed.ActiveCfg = Release|x64
		{E9771628-EF64-4DD8-9906-E7B1990A0FB9}.Release|Mixed.Build.0 = Release|x64
		{0C3EB2F7-92BA-4895-99FC-7098A16FFE8C}.Debug|Any CPU.ActiveCfg = Debug|Win32
		{0C3EB2F7-92BA-4895-99FC-7098A16FFE8C}.Debug|Any CPU.Build.0 = Debug|Win32
		{0C3EB2F7-92BA-4895-99FC-7098A16FFE8C}.Debug|Mixed.ActiveCfg = Debug|Win32
		{0C3EB2F7-92BA-4895-99FC-7098A16FFE8C}.Debug|Mixed.Build.0 = Debug|Win32
		{0C3EB2F7-92BA-4895-99FC-7098A16FFE8C}.Release|Any CPU.ActiveCfg = Release|Win32
		{0C3EB2F7-92BA-4895-99FC-7098A16FFE8C}.Release|Any CPU.Build.0 = Release|Win32
		{0C3EB2F7-92BA-4895-99FC-7098A16FFE8C}.Release|Mixed.ActiveCfg = Release|Win32
		{0C3EB2F7-92BA-4895-99FC-7098A16FFE8C}.Release|Mixed.Build.0 = Release|Win32
		{71033F61-0D65-468E-81E7-A5765BCF9282}.Debug|Any CPU.ActiveCfg = Debug|x64
		{71033F61-0D65-468E-81E7-A5765BCF9282}.Debug|Any CPU.Build.0 = Debug|x64
		{71033F61-0D65-468E-81E7-A5765BCF9282}.Debug|Mixed.ActiveCfg = Debug|x64
		{71033F61-0D65-468E-81E7-A5765BCF9282}.Debug|Mixed.Build.0 = Debug|x64
		{71033F61-0D65-468E-81E7-A5765BCF9282}.Release|Any CPU.ActiveCfg = Release|x64
		{71033F61-0D65-468E-81E7-A5765BCF9282}.Release|Any CPU.Build.0 = Release|x64
		{71033F61-0D65-468E-81E7-A5765BCF9282}.Release|Mixed.ActiveCfg = Release|x64
		{71033F61-0D65-468E-81E7-A5765BCF9282}.Release|Mixed.Build.0 = Release|x64
		{65BCE52F-3A67-4B94-96D3-917D4E577D8C}.Debug|Any CPU.ActiveCfg = Debug|Any CPU
		{65BCE52F-3A67-4B94-96D3-917D4E577D8C}.Debug|Any CPU.Build.0 = Debug|Any CPU
		{65BCE52F-3A67-4B94-96D3-917D4E577D8C}.Debug|Mixed.ActiveCfg = Debug|Any CPU
		{65BCE52F-3A67-4B94-96D3-917D4E577D8C}.Debug|Mixed.Build.0 = Debug|Any CPU
		{65BCE52F-3A67-4B94-96D3-917D4E577D8C}.Release|Any CPU.ActiveCfg = Release|Any CPU
		{65BCE52F-3A67-4B94-96D3-917D4E577D8C}.Release|Any CPU.Build.0 = Release|Any CPU
		{65BCE52F-3A67-4B94-96D3-917D4E577D8C}.Release|Mixed.ActiveCfg = Release|Any CPU
		{65BCE52F-3A67-4B94-96D3-917D4E577D8C}.Release|Mixed.Build.0 = Release|Any CPU
	EndGlobalSection
	GlobalSection(SolutionProperties) = preSolution
		HideSolutionNode = FALSE
	EndGlobalSection
	GlobalSection(ExtensibilityGlobals) = postSolution
		SolutionGuid = {177A059B-3AE0-4BFA-87F0-821E5ED60207}
	EndGlobalSection
EndGlobal
