
Microsoft Visual Studio Solution File, Format Version 12.00
# Visual Studio Version 17
VisualStudioVersion = 17.0.31903.59
MinimumVisualStudioVersion = 10.0.40219.1
Project("{9A19103F-16F7-4668-BE54-9A1E7A4F7556}") = "MTGOSDK", "MTGOSDK\MTGOSDK.csproj", "{ABBC9015-9107-45AE-BBA3-7F73F62674D4}"
EndProject
Project("{9A19103F-16F7-4668-BE54-9A1E7A4F7556}") = "MTGOSDK.MSBuild", "MTGOSDK.MSBuild\MTGOSDK.MSBuild.csproj", "{44F6A719-BFA6-4529-9675-D98FAF6132F5}"
EndProject
Project("{9A19103F-16F7-4668-BE54-9A1E7A4F7556}") = "MTGOSDK.Win32", "MTGOSDK.Win32\MTGOSDK.Win32.csproj", "{0DE6081F-5E88-4B34-8CAB-4035DCAA30EB}"
EndProject
Project("{9A19103F-16F7-4668-BE54-9A1E7A4F7556}") = "ScubaDiver", "MTGOSDK\lib\ScubaDiver\ScubaDiver.csproj", "{8DF5D538-941D-44E8-803E-9E135926EBE8}"
EndProject
Project("{2150E333-8FDC-42A3-9474-1A3956D46DE8}") = "MTGOSDK.Resources", "MTGOSDK.Resources", "{EF3E9033-3E13-44FE-851E-418B0CF61FE4}"
EndProject
Project("{FAE04EC0-301F-11D3-BF4B-00C04F79EFBC}") = "MTGOSDK.Tests", "MTGOSDK.Tests\MTGOSDK.Tests.csproj", "{AF919DDC-443B-478A-9D98-D5E7DB7B8777}"
EndProject
Project("{2150E333-8FDC-42A3-9474-1A3956D46DE8}") = "examples", "examples", "{B36A84DF-456D-A817-6EDD-3EC3E7F6E11F}"
EndProject
Project("{FAE04EC0-301F-11D3-BF4B-00C04F79EFBC}") = "BasicBot", "examples\BasicBot\BasicBot.csproj", "{E03883CE-E153-4F25-8D06-79300CF871F6}"
EndProject
Project("{FAE04EC0-301F-11D3-BF4B-00C04F79EFBC}") = "GameTracker", "examples\GameTracker\GameTracker.csproj", "{C4EA95C5-42D0-4303-A1AA-B4AD01AE3DE4}"
EndProject
Project("{FAE04EC0-301F-11D3-BF4B-00C04F79EFBC}") = "CollectionTracker", "examples\CollectionTracker\CollectionTracker.csproj", "{8115C22D-8670-4A0C-B2E2-C81E1890421A}"
EndProject
Project("{FAE04EC0-301F-11D3-BF4B-00C04F79EFBC}") = "Launcher", "MTGOSDK\lib\Launcher\Launcher.csproj", "{90A67763-3260-45BE-AC27-732314A11A83}"
EndProject
Global
	GlobalSection(SolutionConfigurationPlatforms) = preSolution
		Debug|Any CPU = Debug|Any CPU
		Debug|Mixed = Debug|Mixed
		Debug|x64 = Debug|x64
		Debug|x86 = Debug|x86
		Release|Any CPU = Release|Any CPU
		Release|Mixed = Release|Mixed
		Release|x64 = Release|x64
		Release|x86 = Release|x86
	EndGlobalSection
	GlobalSection(ProjectConfigurationPlatforms) = postSolution
		{ABBC9015-9107-45AE-BBA3-7F73F62674D4}.Debug|Any CPU.ActiveCfg = Debug|Any CPU
		{ABBC9015-9107-45AE-BBA3-7F73F62674D4}.Debug|Any CPU.Build.0 = Debug|Any CPU
		{ABBC9015-9107-45AE-BBA3-7F73F62674D4}.Debug|Mixed.ActiveCfg = Debug|Any CPU
		{ABBC9015-9107-45AE-BBA3-7F73F62674D4}.Debug|Mixed.Build.0 = Debug|Any CPU
		{ABBC9015-9107-45AE-BBA3-7F73F62674D4}.Debug|x64.ActiveCfg = Debug|Any CPU
		{ABBC9015-9107-45AE-BBA3-7F73F62674D4}.Debug|x64.Build.0 = Debug|Any CPU
		{ABBC9015-9107-45AE-BBA3-7F73F62674D4}.Debug|x86.ActiveCfg = Debug|Any CPU
		{ABBC9015-9107-45AE-BBA3-7F73F62674D4}.Debug|x86.Build.0 = Debug|Any CPU
		{ABBC9015-9107-45AE-BBA3-7F73F62674D4}.Release|Any CPU.ActiveCfg = Release|Any CPU
		{ABBC9015-9107-45AE-BBA3-7F73F62674D4}.Release|Any CPU.Build.0 = Release|Any CPU
		{ABBC9015-9107-45AE-BBA3-7F73F62674D4}.Release|Mixed.ActiveCfg = Release|Any CPU
		{ABBC9015-9107-45AE-BBA3-7F73F62674D4}.Release|Mixed.Build.0 = Release|Any CPU
		{ABBC9015-9107-45AE-BBA3-7F73F62674D4}.Release|x64.ActiveCfg = Release|Any CPU
		{ABBC9015-9107-45AE-BBA3-7F73F62674D4}.Release|x64.Build.0 = Release|Any CPU
		{ABBC9015-9107-45AE-BBA3-7F73F62674D4}.Release|x86.ActiveCfg = Release|Any CPU
		{ABBC9015-9107-45AE-BBA3-7F73F62674D4}.Release|x86.Build.0 = Release|Any CPU
		{44F6A719-BFA6-4529-9675-D98FAF6132F5}.Debug|Any CPU.ActiveCfg = Debug|Any CPU
		{44F6A719-BFA6-4529-9675-D98FAF6132F5}.Debug|Any CPU.Build.0 = Debug|Any CPU
		{44F6A719-BFA6-4529-9675-D98FAF6132F5}.Debug|Mixed.ActiveCfg = Debug|Any CPU
		{44F6A719-BFA6-4529-9675-D98FAF6132F5}.Debug|Mixed.Build.0 = Debug|Any CPU
		{44F6A719-BFA6-4529-9675-D98FAF6132F5}.Debug|x64.ActiveCfg = Debug|Any CPU
		{44F6A719-BFA6-4529-9675-D98FAF6132F5}.Debug|x64.Build.0 = Debug|Any CPU
		{44F6A719-BFA6-4529-9675-D98FAF6132F5}.Debug|x86.ActiveCfg = Debug|Any CPU
		{44F6A719-BFA6-4529-9675-D98FAF6132F5}.Debug|x86.Build.0 = Debug|Any CPU
		{44F6A719-BFA6-4529-9675-D98FAF6132F5}.Release|Any CPU.ActiveCfg = Release|Any CPU
		{44F6A719-BFA6-4529-9675-D98FAF6132F5}.Release|Any CPU.Build.0 = Release|Any CPU
		{44F6A719-BFA6-4529-9675-D98FAF6132F5}.Release|Mixed.ActiveCfg = Release|Any CPU
		{44F6A719-BFA6-4529-9675-D98FAF6132F5}.Release|Mixed.Build.0 = Release|Any CPU
		{44F6A719-BFA6-4529-9675-D98FAF6132F5}.Release|x64.ActiveCfg = Release|Any CPU
		{44F6A719-BFA6-4529-9675-D98FAF6132F5}.Release|x64.Build.0 = Release|Any CPU
		{44F6A719-BFA6-4529-9675-D98FAF6132F5}.Release|x86.ActiveCfg = Release|Any CPU
		{44F6A719-BFA6-4529-9675-D98FAF6132F5}.Release|x86.Build.0 = Release|Any CPU
		{0DE6081F-5E88-4B34-8CAB-4035DCAA30EB}.Debug|Any CPU.ActiveCfg = Debug|Any CPU
		{0DE6081F-5E88-4B34-8CAB-4035DCAA30EB}.Debug|Any CPU.Build.0 = Debug|Any CPU
		{0DE6081F-5E88-4B34-8CAB-4035DCAA30EB}.Debug|Mixed.ActiveCfg = Debug|Any CPU
		{0DE6081F-5E88-4B34-8CAB-4035DCAA30EB}.Debug|Mixed.Build.0 = Debug|Any CPU
		{0DE6081F-5E88-4B34-8CAB-4035DCAA30EB}.Debug|x64.ActiveCfg = Debug|Any CPU
		{0DE6081F-5E88-4B34-8CAB-4035DCAA30EB}.Debug|x64.Build.0 = Debug|Any CPU
		{0DE6081F-5E88-4B34-8CAB-4035DCAA30EB}.Debug|x86.ActiveCfg = Debug|Any CPU
		{0DE6081F-5E88-4B34-8CAB-4035DCAA30EB}.Debug|x86.Build.0 = Debug|Any CPU
		{0DE6081F-5E88-4B34-8CAB-4035DCAA30EB}.Release|Any CPU.ActiveCfg = Release|Any CPU
		{0DE6081F-5E88-4B34-8CAB-4035DCAA30EB}.Release|Any CPU.Build.0 = Release|Any CPU
		{0DE6081F-5E88-4B34-8CAB-4035DCAA30EB}.Release|Mixed.ActiveCfg = Release|Any CPU
		{0DE6081F-5E88-4B34-8CAB-4035DCAA30EB}.Release|Mixed.Build.0 = Release|Any CPU
		{0DE6081F-5E88-4B34-8CAB-4035DCAA30EB}.Release|x64.ActiveCfg = Release|Any CPU
		{0DE6081F-5E88-4B34-8CAB-4035DCAA30EB}.Release|x64.Build.0 = Release|Any CPU
		{0DE6081F-5E88-4B34-8CAB-4035DCAA30EB}.Release|x86.ActiveCfg = Release|Any CPU
		{0DE6081F-5E88-4B34-8CAB-4035DCAA30EB}.Release|x86.Build.0 = Release|Any CPU
		{8DF5D538-941D-44E8-803E-9E135926EBE8}.Debug|Any CPU.ActiveCfg = Debug|Any CPU
		{8DF5D538-941D-44E8-803E-9E135926EBE8}.Debug|Any CPU.Build.0 = Debug|Any CPU
		{8DF5D538-941D-44E8-803E-9E135926EBE8}.Debug|Mixed.ActiveCfg = Debug|Any CPU
		{8DF5D538-941D-44E8-803E-9E135926EBE8}.Debug|Mixed.Build.0 = Debug|Any CPU
		{8DF5D538-941D-44E8-803E-9E135926EBE8}.Debug|x64.ActiveCfg = Debug|Any CPU
		{8DF5D538-941D-44E8-803E-9E135926EBE8}.Debug|x64.Build.0 = Debug|Any CPU
		{8DF5D538-941D-44E8-803E-9E135926EBE8}.Debug|x86.ActiveCfg = Debug|Any CPU
		{8DF5D538-941D-44E8-803E-9E135926EBE8}.Debug|x86.Build.0 = Debug|Any CPU
		{8DF5D538-941D-44E8-803E-9E135926EBE8}.Release|Any CPU.ActiveCfg = Release|Any CPU
		{8DF5D538-941D-44E8-803E-9E135926EBE8}.Release|Any CPU.Build.0 = Release|Any CPU
		{8DF5D538-941D-44E8-803E-9E135926EBE8}.Release|Mixed.ActiveCfg = Release|Any CPU
		{8DF5D538-941D-44E8-803E-9E135926EBE8}.Release|Mixed.Build.0 = Release|Any CPU
		{8DF5D538-941D-44E8-803E-9E135926EBE8}.Release|x64.ActiveCfg = Release|Any CPU
		{8DF5D538-941D-44E8-803E-9E135926EBE8}.Release|x64.Build.0 = Release|Any CPU
		{8DF5D538-941D-44E8-803E-9E135926EBE8}.Release|x86.ActiveCfg = Release|Any CPU
		{8DF5D538-941D-44E8-803E-9E135926EBE8}.Release|x86.Build.0 = Release|Any CPU
		{AF919DDC-443B-478A-9D98-D5E7DB7B8777}.Debug|Any CPU.ActiveCfg = Debug|Any CPU
		{AF919DDC-443B-478A-9D98-D5E7DB7B8777}.Debug|Any CPU.Build.0 = Debug|Any CPU
		{AF919DDC-443B-478A-9D98-D5E7DB7B8777}.Debug|Mixed.ActiveCfg = Debug|Any CPU
		{AF919DDC-443B-478A-9D98-D5E7DB7B8777}.Debug|Mixed.Build.0 = Debug|Any CPU
		{AF919DDC-443B-478A-9D98-D5E7DB7B8777}.Debug|x64.ActiveCfg = Debug|Any CPU
		{AF919DDC-443B-478A-9D98-D5E7DB7B8777}.Debug|x64.Build.0 = Debug|Any CPU
		{AF919DDC-443B-478A-9D98-D5E7DB7B8777}.Debug|x86.ActiveCfg = Debug|Any CPU
		{AF919DDC-443B-478A-9D98-D5E7DB7B8777}.Debug|x86.Build.0 = Debug|Any CPU
		{AF919DDC-443B-478A-9D98-D5E7DB7B8777}.Release|Any CPU.ActiveCfg = Release|Any CPU
		{AF919DDC-443B-478A-9D98-D5E7DB7B8777}.Release|Any CPU.Build.0 = Release|Any CPU
		{AF919DDC-443B-478A-9D98-D5E7DB7B8777}.Release|Mixed.ActiveCfg = Release|Any CPU
		{AF919DDC-443B-478A-9D98-D5E7DB7B8777}.Release|Mixed.Build.0 = Release|Any CPU
		{AF919DDC-443B-478A-9D98-D5E7DB7B8777}.Release|x64.ActiveCfg = Release|Any CPU
		{AF919DDC-443B-478A-9D98-D5E7DB7B8777}.Release|x64.Build.0 = Release|Any CPU
		{AF919DDC-443B-478A-9D98-D5E7DB7B8777}.Release|x86.ActiveCfg = Release|Any CPU
		{AF919DDC-443B-478A-9D98-D5E7DB7B8777}.Release|x86.Build.0 = Release|Any CPU
		{E03883CE-E153-4F25-8D06-79300CF871F6}.Debug|Any CPU.ActiveCfg = Debug|Any CPU
		{E03883CE-E153-4F25-8D06-79300CF871F6}.Debug|Any CPU.Build.0 = Debug|Any CPU
		{E03883CE-E153-4F25-8D06-79300CF871F6}.Debug|Mixed.ActiveCfg = Debug|Any CPU
		{E03883CE-E153-4F25-8D06-79300CF871F6}.Debug|Mixed.Build.0 = Debug|Any CPU
		{E03883CE-E153-4F25-8D06-79300CF871F6}.Debug|x64.ActiveCfg = Debug|Any CPU
		{E03883CE-E153-4F25-8D06-79300CF871F6}.Debug|x64.Build.0 = Debug|Any CPU
		{E03883CE-E153-4F25-8D06-79300CF871F6}.Debug|x86.ActiveCfg = Debug|Any CPU
		{E03883CE-E153-4F25-8D06-79300CF871F6}.Debug|x86.Build.0 = Debug|Any CPU
		{E03883CE-E153-4F25-8D06-79300CF871F6}.Release|Any CPU.ActiveCfg = Release|Any CPU
		{E03883CE-E153-4F25-8D06-79300CF871F6}.Release|Any CPU.Build.0 = Release|Any CPU
		{E03883CE-E153-4F25-8D06-79300CF871F6}.Release|Mixed.ActiveCfg = Release|Any CPU
		{E03883CE-E153-4F25-8D06-79300CF871F6}.Release|Mixed.Build.0 = Release|Any CPU
		{E03883CE-E153-4F25-8D06-79300CF871F6}.Release|x64.ActiveCfg = Release|Any CPU
		{E03883CE-E153-4F25-8D06-79300CF871F6}.Release|x64.Build.0 = Release|Any CPU
		{E03883CE-E153-4F25-8D06-79300CF871F6}.Release|x86.ActiveCfg = Release|Any CPU
		{E03883CE-E153-4F25-8D06-79300CF871F6}.Release|x86.Build.0 = Release|Any CPU
		{C4EA95C5-42D0-4303-A1AA-B4AD01AE3DE4}.Debug|Any CPU.ActiveCfg = Debug|Any CPU
		{C4EA95C5-42D0-4303-A1AA-B4AD01AE3DE4}.Debug|Any CPU.Build.0 = Debug|Any CPU
		{C4EA95C5-42D0-4303-A1AA-B4AD01AE3DE4}.Debug|Mixed.ActiveCfg = Debug|Any CPU
		{C4EA95C5-42D0-4303-A1AA-B4AD01AE3DE4}.Debug|Mixed.Build.0 = Debug|Any CPU
		{C4EA95C5-42D0-4303-A1AA-B4AD01AE3DE4}.Debug|x64.ActiveCfg = Debug|Any CPU
		{C4EA95C5-42D0-4303-A1AA-B4AD01AE3DE4}.Debug|x64.Build.0 = Debug|Any CPU
		{C4EA95C5-42D0-4303-A1AA-B4AD01AE3DE4}.Debug|x86.ActiveCfg = Debug|Any CPU
		{C4EA95C5-42D0-4303-A1AA-B4AD01AE3DE4}.Debug|x86.Build.0 = Debug|Any CPU
		{C4EA95C5-42D0-4303-A1AA-B4AD01AE3DE4}.Release|Any CPU.ActiveCfg = Release|Any CPU
		{C4EA95C5-42D0-4303-A1AA-B4AD01AE3DE4}.Release|Any CPU.Build.0 = Release|Any CPU
		{C4EA95C5-42D0-4303-A1AA-B4AD01AE3DE4}.Release|Mixed.ActiveCfg = Release|Any CPU
		{C4EA95C5-42D0-4303-A1AA-B4AD01AE3DE4}.Release|Mixed.Build.0 = Release|Any CPU
		{C4EA95C5-42D0-4303-A1AA-B4AD01AE3DE4}.Release|x64.ActiveCfg = Release|Any CPU
		{C4EA95C5-42D0-4303-A1AA-B4AD01AE3DE4}.Release|x64.Build.0 = Release|Any CPU
		{C4EA95C5-42D0-4303-A1AA-B4AD01AE3DE4}.Release|x86.ActiveCfg = Release|Any CPU
		{C4EA95C5-42D0-4303-A1AA-B4AD01AE3DE4}.Release|x86.Build.0 = Release|Any CPU
		{8115C22D-8670-4A0C-B2E2-C81E1890421A}.Debug|Any CPU.ActiveCfg = Debug|Any CPU
		{8115C22D-8670-4A0C-B2E2-C81E1890421A}.Debug|Any CPU.Build.0 = Debug|Any CPU
		{8115C22D-8670-4A0C-B2E2-C81E1890421A}.Debug|Mixed.ActiveCfg = Debug|Any CPU
		{8115C22D-8670-4A0C-B2E2-C81E1890421A}.Debug|Mixed.Build.0 = Debug|Any CPU
		{8115C22D-8670-4A0C-B2E2-C81E1890421A}.Debug|x64.ActiveCfg = Debug|Any CPU
		{8115C22D-8670-4A0C-B2E2-C81E1890421A}.Debug|x64.Build.0 = Debug|Any CPU
		{8115C22D-8670-4A0C-B2E2-C81E1890421A}.Debug|x86.ActiveCfg = Debug|Any CPU
		{8115C22D-8670-4A0C-B2E2-C81E1890421A}.Debug|x86.Build.0 = Debug|Any CPU
		{8115C22D-8670-4A0C-B2E2-C81E1890421A}.Release|Any CPU.ActiveCfg = Release|Any CPU
		{8115C22D-8670-4A0C-B2E2-C81E1890421A}.Release|Any CPU.Build.0 = Release|Any CPU
		{8115C22D-8670-4A0C-B2E2-C81E1890421A}.Release|Mixed.ActiveCfg = Release|Any CPU
		{8115C22D-8670-4A0C-B2E2-C81E1890421A}.Release|Mixed.Build.0 = Release|Any CPU
		{8115C22D-8670-4A0C-B2E2-C81E1890421A}.Release|x64.ActiveCfg = Release|Any CPU
		{8115C22D-8670-4A0C-B2E2-C81E1890421A}.Release|x64.Build.0 = Release|Any CPU
		{8115C22D-8670-4A0C-B2E2-C81E1890421A}.Release|x86.ActiveCfg = Release|Any CPU
		{8115C22D-8670-4A0C-B2E2-C81E1890421A}.Release|x86.Build.0 = Release|Any CPU
		{90A67763-3260-45BE-AC27-732314A11A83}.Debug|Any CPU.ActiveCfg = Debug|Any CPU
		{90A67763-3260-45BE-AC27-732314A11A83}.Debug|Any CPU.Build.0 = Debug|Any CPU
		{90A67763-3260-45BE-AC27-732314A11A83}.Debug|Mixed.ActiveCfg = Debug|Any CPU
		{90A67763-3260-45BE-AC27-732314A11A83}.Debug|Mixed.Build.0 = Debug|Any CPU
		{90A67763-3260-45BE-AC27-732314A11A83}.Debug|x64.ActiveCfg = Debug|Any CPU
		{90A67763-3260-45BE-AC27-732314A11A83}.Debug|x64.Build.0 = Debug|Any CPU
		{90A67763-3260-45BE-AC27-732314A11A83}.Debug|x86.ActiveCfg = Debug|Any CPU
		{90A67763-3260-45BE-AC27-732314A11A83}.Debug|x86.Build.0 = Debug|Any CPU
		{90A67763-3260-45BE-AC27-732314A11A83}.Release|Any CPU.ActiveCfg = Release|Any CPU
		{90A67763-3260-45BE-AC27-732314A11A83}.Release|Any CPU.Build.0 = Release|Any CPU
		{90A67763-3260-45BE-AC27-732314A11A83}.Release|Mixed.ActiveCfg = Release|Any CPU
		{90A67763-3260-45BE-AC27-732314A11A83}.Release|Mixed.Build.0 = Release|Any CPU
		{90A67763-3260-45BE-AC27-732314A11A83}.Release|x64.ActiveCfg = Release|Any CPU
		{90A67763-3260-45BE-AC27-732314A11A83}.Release|x64.Build.0 = Release|Any CPU
		{90A67763-3260-45BE-AC27-732314A11A83}.Release|x86.ActiveCfg = Release|Any CPU
		{90A67763-3260-45BE-AC27-732314A11A83}.Release|x86.Build.0 = Release|Any CPU
	EndGlobalSection
	GlobalSection(SolutionProperties) = preSolution
		HideSolutionNode = FALSE
	EndGlobalSection
	GlobalSection(NestedProjects) = preSolution
		{8DF5D538-941D-44E8-803E-9E135926EBE8} = {EF3E9033-3E13-44FE-851E-418B0CF61FE4}
		{E03883CE-E153-4F25-8D06-79300CF871F6} = {B36A84DF-456D-A817-6EDD-3EC3E7F6E11F}
		{C4EA95C5-42D0-4303-A1AA-B4AD01AE3DE4} = {B36A84DF-456D-A817-6EDD-3EC3E7F6E11F}
		{8115C22D-8670-4A0C-B2E2-C81E1890421A} = {B36A84DF-456D-A817-6EDD-3EC3E7F6E11F}
		{90A67763-3260-45BE-AC27-732314A11A83} = {EF3E9033-3E13-44FE-851E-418B0CF61FE4}
	EndGlobalSection
	GlobalSection(ExtensibilityGlobals) = postSolution
		SolutionGuid = {177A059B-3AE0-4BFA-87F0-821E5ED60207}
	EndGlobalSection
EndGlobal
