Microsoft Visual Studio Solution File, Format Version 12.00
# Visual Studio Version 17
VisualStudioVersion = 17.0.31903.59
MinimumVisualStudioVersion = 10.0.40219.1
Project("{9A19103F-16F7-4668-BE54-9A1E7A4F7556}") = "BasicBot", "examples\BasicBot\BasicBot.csproj", "{55881B74-5ADF-4633-B46D-01F0C60FE877}"
EndProject
Project("{9A19103F-16F7-4668-BE54-9A1E7A4F7556}") = "BasicInjector", "examples\BasicInjector\BasicInjector.csproj", "{65BCE52F-3A67-4B94-96D3-917D4E577D8C}"
EndProject
Project("{9A19103F-16F7-4668-BE54-9A1E7A4F7556}") = "GameTracker", "examples\GameTracker\GameTracker.csproj", "{566C0ACC-27A7-4398-9E82-CB1E7594B1E0}"
EndProject
Project("{9A19103F-16F7-4668-BE54-9A1E7A4F7556}") = "MTGOSDK", "MTGOSDK\MTGOSDK.csproj", "{ABBC9015-9107-45AE-BBA3-7F73F62674D4}"
EndProject
  ProjectSection(ProjectDependencies) = postProject
		{44F6A719-BFA6-4529-9675-D98FAF6132F5} = {44F6A719-BFA6-4529-9675-D98FAF6132F5}
		{C6812753-F249-45AC-99EE-2A9F06E386E4} = {C6812753-F249-45AC-99EE-2A9F06E386E4}
	EndProjectSection
Project("{9A19103F-16F7-4668-BE54-9A1E7A4F7556}") = "MTGOSDK.MSBuild", "MTGOSDK.MSBuild\MTGOSDK.MSBuild.csproj", "{44F6A719-BFA6-4529-9675-D98FAF6132F5}"
EndProject
Project("{9A19103F-16F7-4668-BE54-9A1E7A4F7556}") = "MTGOSDK.Ref", "MTGOSDK.Ref\MTGOSDK.Ref.csproj", "{C6812753-F249-45AC-99EE-2A9F06E386E4}"
EndProject
Project("{9A19103F-16F7-4668-BE54-9A1E7A4F7556}") = "MTGOSDK.Win32", "MTGOSDK.Win32\MTGOSDK.Win32.csproj", "{0DE6081F-5E88-4B34-8CAB-4035DCAA30EB}"
EndProject
Project("{9A19103F-16F7-4668-BE54-9A1E7A4F7556}") = "RemoteNET", "third_party\RemoteNET\src\RemoteNET\RemoteNET.csproj", "{D1ACBDEC-184B-4F5B-85CD-E02B5F712121}"
  ProjectSection(ProjectDependencies) = postProject
		{E9771628-EF64-4DD8-9906-E7B1990A0FB9} = {E9771628-EF64-4DD8-9906-E7B1990A0FB9}
		{8DF5D538-941D-44E8-803E-9E135926EBE8} = {8DF5D538-941D-44E8-803E-9E135926EBE8}
		{71033F61-0D65-468E-81E7-A5765BCF9282} = {71033F61-0D65-468E-81E7-A5765BCF9282}
		{5DE7F97C-B97B-489F-A1E4-9F9656317F94} = {5DE7F97C-B97B-489F-A1E4-9F9656317F94}
		{0C3EB2F7-92BA-4895-99FC-7098A16FFE8C} = {0C3EB2F7-92BA-4895-99FC-7098A16FFE8C}
	EndProjectSection
EndProject
Project("{FAE04EC0-301F-11D3-BF4B-00C04F79EFBC}") = "ScubaDiver", "third_party\RemoteNET\src\ScubaDiver\ScubaDiver.csproj", "{8DF5D538-941D-44E8-803E-9E135926EBE8}"
EndProject
Project("{9A19103F-16F7-4668-BE54-9A1E7A4F7556}") = "ScubaDiver.API", "third_party\RemoteNET\src\ScubaDiver.API\ScubaDiver.API.csproj", "{0FE20420-27E2-467F-AB2D-78B6A795B255}"
EndProject
Project("{8BC9CEB8-8B4A-11D0-8D11-00A0C91BC942}") = "Bootstrapper", "third_party\SharpNeedle\src\Bootstrapper\Bootstrapper.vcxproj", "{5DE7F97C-B97B-489F-A1E4-9F9656317F94}"
EndProject
Project("{8BC9CEB8-8B4A-11D0-8D11-00A0C91BC942}") = "Bootstrapper_x64", "third_party\SharpNeedle\src\Bootstrapper\Bootstrapper_x64.vcxproj", "{E9771628-EF64-4DD8-9906-E7B1990A0FB9}"
EndProject
Project("{8BC9CEB8-8B4A-11D0-8D11-00A0C91BC942}") = "Launcher", "third_party\SharpNeedle\src\Launcher\Launcher.vcxproj", "{0C3EB2F7-92BA-4895-99FC-7098A16FFE8C}"
EndProject
Project("{8BC9CEB8-8B4A-11D0-8D11-00A0C91BC942}") = "Launcher_x64", "third_party\SharpNeedle\src\Launcher\Launcher_x64.vcxproj", "{71033F61-0D65-468E-81E7-A5765BCF9282}"
EndProject
Project("{2150E333-8FDC-42A3-9474-1A3956D46DE8}") = "Examples", "Examples", "{1B98C787-C0E6-479D-B577-5EAD610B1DFA}"
EndProject
Project("{2150E333-8FDC-42A3-9474-1A3956D46DE8}") = "third_party", "third_party", "{EF3E9033-3E13-44FE-851E-418B0CF61FE4}"
EndProject
Global
	GlobalSection(SolutionConfigurationPlatforms) = preSolution
		Debug|Any CPU = Debug|Any CPU
		Debug|Mixed = Debug|Mixed
		Release|Any CPU = Release|Any CPU
		Release|Mixed = Release|Mixed
	EndGlobalSection
	GlobalSection(ProjectConfigurationPlatforms) = postSolution
		{55881B74-5ADF-4633-B46D-01F0C60FE877}.Debug|Any CPU.ActiveCfg = Debug|Any CPU
		{55881B74-5ADF-4633-B46D-01F0C60FE877}.Debug|Any CPU.Build.0 = Debug|Any CPU
		{55881B74-5ADF-4633-B46D-01F0C60FE877}.Debug|Mixed.ActiveCfg = Debug|Any CPU
		{55881B74-5ADF-4633-B46D-01F0C60FE877}.Debug|Mixed.Build.0 = Debug|Any CPU
		{55881B74-5ADF-4633-B46D-01F0C60FE877}.Release|Any CPU.ActiveCfg = Release|Any CPU
		{55881B74-5ADF-4633-B46D-01F0C60FE877}.Release|Any CPU.Build.0 = Release|Any CPU
		{55881B74-5ADF-4633-B46D-01F0C60FE877}.Release|Mixed.ActiveCfg = Release|Any CPU
		{55881B74-5ADF-4633-B46D-01F0C60FE877}.Release|Mixed.Build.0 = Release|Any CPU
		{65BCE52F-3A67-4B94-96D3-917D4E577D8C}.Debug|Any CPU.ActiveCfg = Debug|Any CPU
		{65BCE52F-3A67-4B94-96D3-917D4E577D8C}.Debug|Any CPU.Build.0 = Debug|Any CPU
		{65BCE52F-3A67-4B94-96D3-917D4E577D8C}.Debug|Mixed.ActiveCfg = Debug|Any CPU
		{65BCE52F-3A67-4B94-96D3-917D4E577D8C}.Debug|Mixed.Build.0 = Debug|Any CPU
		{65BCE52F-3A67-4B94-96D3-917D4E577D8C}.Release|Any CPU.ActiveCfg = Release|Any CPU
		{65BCE52F-3A67-4B94-96D3-917D4E577D8C}.Release|Any CPU.Build.0 = Release|Any CPU
		{65BCE52F-3A67-4B94-96D3-917D4E577D8C}.Release|Mixed.ActiveCfg = Release|Any CPU
		{65BCE52F-3A67-4B94-96D3-917D4E577D8C}.Release|Mixed.Build.0 = Release|Any CPU
		{566C0ACC-27A7-4398-9E82-CB1E7594B1E0}.Debug|Any CPU.ActiveCfg = Debug|Any CPU
		{566C0ACC-27A7-4398-9E82-CB1E7594B1E0}.Debug|Any CPU.Build.0 = Debug|Any CPU
		{566C0ACC-27A7-4398-9E82-CB1E7594B1E0}.Debug|Mixed.ActiveCfg = Debug|Any CPU
		{566C0ACC-27A7-4398-9E82-CB1E7594B1E0}.Debug|Mixed.Build.0 = Debug|Any CPU
		{566C0ACC-27A7-4398-9E82-CB1E7594B1E0}.Release|Any CPU.ActiveCfg = Release|Any CPU
		{566C0ACC-27A7-4398-9E82-CB1E7594B1E0}.Release|Any CPU.Build.0 = Release|Any CPU
		{566C0ACC-27A7-4398-9E82-CB1E7594B1E0}.Release|Mixed.ActiveCfg = Release|Any CPU
		{566C0ACC-27A7-4398-9E82-CB1E7594B1E0}.Release|Mixed.Build.0 = Release|Any CPU
		{ABBC9015-9107-45AE-BBA3-7F73F62674D4}.Debug|Any CPU.ActiveCfg = Debug|Any CPU
		{ABBC9015-9107-45AE-BBA3-7F73F62674D4}.Debug|Any CPU.Build.0 = Debug|Any CPU
		{ABBC9015-9107-45AE-BBA3-7F73F62674D4}.Debug|Mixed.ActiveCfg = Debug|Any CPU
		{ABBC9015-9107-45AE-BBA3-7F73F62674D4}.Debug|Mixed.Build.0 = Debug|Any CPU
		{ABBC9015-9107-45AE-BBA3-7F73F62674D4}.Release|Any CPU.ActiveCfg = Release|Any CPU
		{ABBC9015-9107-45AE-BBA3-7F73F62674D4}.Release|Any CPU.Build.0 = Release|Any CPU
		{ABBC9015-9107-45AE-BBA3-7F73F62674D4}.Release|Mixed.ActiveCfg = Release|Any CPU
		{ABBC9015-9107-45AE-BBA3-7F73F62674D4}.Release|Mixed.Build.0 = Release|Any CPU
		{44F6A719-BFA6-4529-9675-D98FAF6132F5}.Debug|Any CPU.ActiveCfg = Debug|Any CPU
		{44F6A719-BFA6-4529-9675-D98FAF6132F5}.Debug|Any CPU.Build.0 = Debug|Any CPU
		{44F6A719-BFA6-4529-9675-D98FAF6132F5}.Debug|Mixed.ActiveCfg = Debug|Any CPU
		{44F6A719-BFA6-4529-9675-D98FAF6132F5}.Debug|Mixed.Build.0 = Debug|Any CPU
		{44F6A719-BFA6-4529-9675-D98FAF6132F5}.Release|Any CPU.ActiveCfg = Release|Any CPU
		{44F6A719-BFA6-4529-9675-D98FAF6132F5}.Release|Any CPU.Build.0 = Release|Any CPU
		{44F6A719-BFA6-4529-9675-D98FAF6132F5}.Release|Mixed.ActiveCfg = Release|Any CPU
		{44F6A719-BFA6-4529-9675-D98FAF6132F5}.Release|Mixed.Build.0 = Release|Any CPU
		{C6812753-F249-45AC-99EE-2A9F06E386E4}.Debug|Any CPU.ActiveCfg = Debug|Any CPU
		{C6812753-F249-45AC-99EE-2A9F06E386E4}.Debug|Any CPU.Build.0 = Debug|Any CPU
		{C6812753-F249-45AC-99EE-2A9F06E386E4}.Debug|Mixed.ActiveCfg = Debug|Any CPU
		{C6812753-F249-45AC-99EE-2A9F06E386E4}.Debug|Mixed.Build.0 = Debug|Any CPU
		{C6812753-F249-45AC-99EE-2A9F06E386E4}.Release|Any CPU.ActiveCfg = Release|Any CPU
		{C6812753-F249-45AC-99EE-2A9F06E386E4}.Release|Any CPU.Build.0 = Release|Any CPU
		{C6812753-F249-45AC-99EE-2A9F06E386E4}.Release|Mixed.ActiveCfg = Release|Any CPU
		{C6812753-F249-45AC-99EE-2A9F06E386E4}.Release|Mixed.Build.0 = Release|Any CPU
		{0DE6081F-5E88-4B34-8CAB-4035DCAA30EB}.Debug|Any CPU.ActiveCfg = Debug|Any CPU
		{0DE6081F-5E88-4B34-8CAB-4035DCAA30EB}.Debug|Any CPU.Build.0 = Debug|Any CPU
		{0DE6081F-5E88-4B34-8CAB-4035DCAA30EB}.Debug|Mixed.ActiveCfg = Debug|Any CPU
		{0DE6081F-5E88-4B34-8CAB-4035DCAA30EB}.Debug|Mixed.Build.0 = Debug|Any CPU
		{0DE6081F-5E88-4B34-8CAB-4035DCAA30EB}.Release|Any CPU.ActiveCfg = Release|Any CPU
		{0DE6081F-5E88-4B34-8CAB-4035DCAA30EB}.Release|Any CPU.Build.0 = Release|Any CPU
		{0DE6081F-5E88-4B34-8CAB-4035DCAA30EB}.Release|Mixed.ActiveCfg = Release|Any CPU
		{0DE6081F-5E88-4B34-8CAB-4035DCAA30EB}.Release|Mixed.Build.0 = Release|Any CPU
		{D1ACBDEC-184B-4F5B-85CD-E02B5F712121}.Debug|Any CPU.ActiveCfg = Debug|Any CPU
		{D1ACBDEC-184B-4F5B-85CD-E02B5F712121}.Debug|Any CPU.Build.0 = Debug|Any CPU
		{D1ACBDEC-184B-4F5B-85CD-E02B5F712121}.Debug|Mixed.ActiveCfg = Debug|Any CPU
		{D1ACBDEC-184B-4F5B-85CD-E02B5F712121}.Debug|Mixed.Build.0 = Debug|Any CPU
		{D1ACBDEC-184B-4F5B-85CD-E02B5F712121}.Release|Any CPU.ActiveCfg = Release|Any CPU
		{D1ACBDEC-184B-4F5B-85CD-E02B5F712121}.Release|Any CPU.Build.0 = Release|Any CPU
		{D1ACBDEC-184B-4F5B-85CD-E02B5F712121}.Release|Mixed.ActiveCfg = Release|Any CPU
		{D1ACBDEC-184B-4F5B-85CD-E02B5F712121}.Release|Mixed.Build.0 = Release|Any CPU
		{8DF5D538-941D-44E8-803E-9E135926EBE8}.Debug|Any CPU.ActiveCfg = Debug|Any CPU
		{8DF5D538-941D-44E8-803E-9E135926EBE8}.Debug|Any CPU.Build.0 = Debug|Any CPU
		{8DF5D538-941D-44E8-803E-9E135926EBE8}.Debug|Mixed.ActiveCfg = Debug|Any CPU
		{8DF5D538-941D-44E8-803E-9E135926EBE8}.Debug|Mixed.Build.0 = Debug|Any CPU
		{8DF5D538-941D-44E8-803E-9E135926EBE8}.Release|Any CPU.ActiveCfg = Release|Any CPU
		{8DF5D538-941D-44E8-803E-9E135926EBE8}.Release|Any CPU.Build.0 = Release|Any CPU
		{8DF5D538-941D-44E8-803E-9E135926EBE8}.Release|Mixed.ActiveCfg = Release|Any CPU
		{8DF5D538-941D-44E8-803E-9E135926EBE8}.Release|Mixed.Build.0 = Release|Any CPU
		{0FE20420-27E2-467F-AB2D-78B6A795B255}.Debug|Any CPU.ActiveCfg = Debug|Any CPU
		{0FE20420-27E2-467F-AB2D-78B6A795B255}.Debug|Any CPU.Build.0 = Debug|Any CPU
		{0FE20420-27E2-467F-AB2D-78B6A795B255}.Debug|Mixed.ActiveCfg = Debug|Any CPU
		{0FE20420-27E2-467F-AB2D-78B6A795B255}.Debug|Mixed.Build.0 = Debug|Any CPU
		{0FE20420-27E2-467F-AB2D-78B6A795B255}.Release|Any CPU.ActiveCfg = Release|Any CPU
		{0FE20420-27E2-467F-AB2D-78B6A795B255}.Release|Any CPU.Build.0 = Release|Any CPU
		{0FE20420-27E2-467F-AB2D-78B6A795B255}.Release|Mixed.ActiveCfg = Release|Any CPU
		{0FE20420-27E2-467F-AB2D-78B6A795B255}.Release|Mixed.Build.0 = Release|Any CPU
		{5DE7F97C-B97B-489F-A1E4-9F9656317F94}.Debug|Any CPU.ActiveCfg = Debug|Win32
		{5DE7F97C-B97B-489F-A1E4-9F9656317F94}.Debug|Any CPU.Build.0 = Debug|Win32
		{5DE7F97C-B97B-489F-A1E4-9F9656317F94}.Debug|Mixed.ActiveCfg = Debug|Win32
		{5DE7F97C-B97B-489F-A1E4-9F9656317F94}.Debug|Mixed.Build.0 = Debug|Win32
		{5DE7F97C-B97B-489F-A1E4-9F9656317F94}.Release|Any CPU.ActiveCfg = Release|Win32
		{5DE7F97C-B97B-489F-A1E4-9F9656317F94}.Release|Any CPU.Build.0 = Release|Win32
		{5DE7F97C-B97B-489F-A1E4-9F9656317F94}.Release|Mixed.ActiveCfg = Release|Win32
		{5DE7F97C-B97B-489F-A1E4-9F9656317F94}.Release|Mixed.Build.0 = Release|Win32
		{E9771628-EF64-4DD8-9906-E7B1990A0FB9}.Debug|Any CPU.ActiveCfg = Debug|x64
		{E9771628-EF64-4DD8-9906-E7B1990A0FB9}.Debug|Any CPU.Build.0 = Debug|x64
		{E9771628-EF64-4DD8-9906-E7B1990A0FB9}.Debug|Mixed.ActiveCfg = Debug|x64
		{E9771628-EF64-4DD8-9906-E7B1990A0FB9}.Debug|Mixed.Build.0 = Debug|x64
		{E9771628-EF64-4DD8-9906-E7B1990A0FB9}.Release|Any CPU.ActiveCfg = Release|x64
		{E9771628-EF64-4DD8-9906-E7B1990A0FB9}.Release|Any CPU.Build.0 = Release|x64
		{E9771628-EF64-4DD8-9906-E7B1990A0FB9}.Release|Mixed.ActiveCfg = Release|x64
		{E9771628-EF64-4DD8-9906-E7B1990A0FB9}.Release|Mixed.Build.0 = Release|x64
		{0C3EB2F7-92BA-4895-99FC-7098A16FFE8C}.Debug|Any CPU.ActiveCfg = Debug|Win32
		{0C3EB2F7-92BA-4895-99FC-7098A16FFE8C}.Debug|Any CPU.Build.0 = Debug|Win32
		{0C3EB2F7-92BA-4895-99FC-7098A16FFE8C}.Debug|Mixed.ActiveCfg = Debug|Win32
		{0C3EB2F7-92BA-4895-99FC-7098A16FFE8C}.Debug|Mixed.Build.0 = Debug|Win32
		{0C3EB2F7-92BA-4895-99FC-7098A16FFE8C}.Release|Any CPU.ActiveCfg = Release|Win32
		{0C3EB2F7-92BA-4895-99FC-7098A16FFE8C}.Release|Any CPU.Build.0 = Release|Win32
		{0C3EB2F7-92BA-4895-99FC-7098A16FFE8C}.Release|Mixed.ActiveCfg = Release|Win32
		{0C3EB2F7-92BA-4895-99FC-7098A16FFE8C}.Release|Mixed.Build.0 = Release|Win32
		{71033F61-0D65-468E-81E7-A5765BCF9282}.Debug|Any CPU.ActiveCfg = Debug|x64
		{71033F61-0D65-468E-81E7-A5765BCF9282}.Debug|Any CPU.Build.0 = Debug|x64
		{71033F61-0D65-468E-81E7-A5765BCF9282}.Debug|Mixed.ActiveCfg = Debug|x64
		{71033F61-0D65-468E-81E7-A5765BCF9282}.Debug|Mixed.Build.0 = Debug|x64
		{71033F61-0D65-468E-81E7-A5765BCF9282}.Release|Any CPU.ActiveCfg = Release|x64
		{71033F61-0D65-468E-81E7-A5765BCF9282}.Release|Any CPU.Build.0 = Release|x64
		{71033F61-0D65-468E-81E7-A5765BCF9282}.Release|Mixed.ActiveCfg = Release|x64
		{71033F61-0D65-468E-81E7-A5765BCF9282}.Release|Mixed.Build.0 = Release|x64
	EndGlobalSection
	GlobalSection(SolutionProperties) = preSolution
		HideSolutionNode = FALSE
	EndGlobalSection
	GlobalSection(NestedProjects) = preSolution
		{55881B74-5ADF-4633-B46D-01F0C60FE877} = {1B98C787-C0E6-479D-B577-5EAD610B1DFA}
		{65BCE52F-3A67-4B94-96D3-917D4E577D8C} = {1B98C787-C0E6-479D-B577-5EAD610B1DFA}
		{566C0ACC-27A7-4398-9E82-CB1E7594B1E0} = {1B98C787-C0E6-479D-B577-5EAD610B1DFA}
		{D1ACBDEC-184B-4F5B-85CD-E02B5F712121} = {EF3E9033-3E13-44FE-851E-418B0CF61FE4}
		{8DF5D538-941D-44E8-803E-9E135926EBE8} = {EF3E9033-3E13-44FE-851E-418B0CF61FE4}
		{0FE20420-27E2-467F-AB2D-78B6A795B255} = {EF3E9033-3E13-44FE-851E-418B0CF61FE4}
		{5DE7F97C-B97B-489F-A1E4-9F9656317F94} = {EF3E9033-3E13-44FE-851E-418B0CF61FE4}
		{E9771628-EF64-4DD8-9906-E7B1990A0FB9} = {EF3E9033-3E13-44FE-851E-418B0CF61FE4}
		{0C3EB2F7-92BA-4895-99FC-7098A16FFE8C} = {EF3E9033-3E13-44FE-851E-418B0CF61FE4}
		{71033F61-0D65-468E-81E7-A5765BCF9282} = {EF3E9033-3E13-44FE-851E-418B0CF61FE4}
	EndGlobalSection
	GlobalSection(ExtensibilityGlobals) = postSolution
		SolutionGuid = {177A059B-3AE0-4BFA-87F0-821E5ED60207}
	EndGlobalSection
EndGlobal
