{
  "version": 2,
  "dependencies": {
    ".NETFramework,Version=v4.8": {
      "DotNet.ReproducibleBuilds": {
        "type": "Direct",
        "requested": "[1.2.25, )",
        "resolved": "1.2.25",
        "contentHash": "xCXiw7BCxHJ8pF6wPepRUddlh2dlQlbr81gXA72hdk4FLHkKXas7EH/n+fk5UCA/YfMqG1Z6XaPiUjDbUNBUzg=="
      },
      "FrameworkExtract.System.Deployment": {
        "type": "Direct",
        "requested": "[4.0.30319, )",
        "resolved": "4.0.30319",
        "contentHash": "XORWUNRWjTSpsdHYMEtLc9uU1T4FRy/aaeojp3G1uFZRzZQ8RLjPQ9if8+u0KK2BJ2mAdNLnABabTMA7iDUKVQ=="
      },
      "Meziantou.Polyfill": {
        "type": "Direct",
        "requested": "[1.0.48, )",
        "resolved": "1.0.48",
        "contentHash": "Mk8MpW4wowR+sSMz0akEJp5cco9g527LnxztVOJiDX2kGgcy8ZfU2TyxleIKNJJN78PQf9N0xeiF7TZY5d3c7w=="
      },
      "Microsoft.NETFramework.ReferenceAssemblies": {
        "type": "Direct",
        "requested": "[1.0.3, )",
        "resolved": "1.0.3",
        "contentHash": "vUc9Npcs14QsyOD01tnv/m8sQUnGTGOw1BCmKcv77LBJY7OxhJ+zJF7UD/sCL3lYNFuqmQEVlkfS4Quif6FyYg==",
        "dependencies": {
          "Microsoft.NETFramework.ReferenceAssemblies.net48": "1.0.3"
        }
      },
      "Microsoft.NETFramework.ReferenceAssemblies.net48": {
        "type": "Transitive",
        "resolved": "1.0.3",
        "contentHash": "zMk4D+9zyiEWByyQ7oPImPN/Jhpj166Ky0Nlla4eXlNL8hI/BtSJsgR8Inldd4NNpIAH3oh8yym0W2DrhXdSLQ=="
      }
    },
    ".NETFramework,Version=v4.8/win-x86": {}
  }
}