{
  "version": 2,
  "dependencies": {
    ".NETFramework,Version=v4.8": {
      "DotNet.ReproducibleBuilds": {
        "type": "Direct",
        "requested": "[1.2.39, )",
        "resolved": "1.2.39",
        "contentHash": "fcFN01tDTIQqDuTwr1jUQK/geofiwjG5DycJQOnC72i1SsLAk1ELe+apBOuZ11UMQG8YKFZG1FgvjZPbqHyatg=="
      },
      "ImpromptuInterface": {
        "type": "Direct",
        "requested": "[8.0.6, )",
        "resolved": "8.0.6",
        "contentHash": "bo8oslg7bwQD8ODMDowVk5c4B+9ZhNHPfgvhmTBbNWLXyEDAwY0gAhgyEn297/eS1HSIHqqxjPcdhGcYvgSE0A==",
        "dependencies": {
          "Dynamitey": "3.0.3"
        }
      },
      "MessagePack": {
        "type": "Direct",
        "requested": "[3.1.4, )",
        "resolved": "3.1.4",
        "contentHash": "BH0wlHWmVoZpbAPyyt2Awbq30C+ZsS3eHSkYdnyUAbqVJ22fAJDzn2xTieBeoT5QlcBzp61vHcv878YJGfi3mg==",
        "dependencies": {
          "MessagePack.Annotations": "3.1.4",
          "MessagePackAnalyzer": "3.1.4",
          "Microsoft.Bcl.AsyncInterfaces": "8.0.0",
          "Microsoft.NET.StringTools": "17.11.4",
          "System.Collections.Immutable": "8.0.0",
          "System.Memory": "4.5.5",
          "System.Runtime.CompilerServices.Unsafe": "6.0.0",
          "System.Threading.Tasks.Extensions": "4.5.4"
        }
      },
      "MessagePack.Annotations": {
        "type": "Direct",
        "requested": "[3.1.4, )",
        "resolved": "3.1.4",
        "contentHash": "aVWrDAkCdqxwQsz/q0ldPh2EFn48M99YUzE9OvZjMq2RNLKz4o2z88iGFvSvbMqOWRweRvKPHBJZe22PRqzslQ=="
      },
      "Meziantou.Polyfill": {
        "type": "Direct",
        "requested": "[1.0.52, )",
        "resolved": "1.0.52",
        "contentHash": "5ONR3Q+n8EzDEsKB4GKTwP6NzFvlOZdGu3XZwdHYdMSt58fWcQ21COCviqeTvoBfsC8pf72+NBLojZsXCsqi/g=="
      },
      "Microsoft.CSharp": {
        "type": "Direct",
        "requested": "[4.7.0, )",
        "resolved": "4.7.0",
        "contentHash": "pTj+D3uJWyN3My70i2Hqo+OXixq3Os2D1nJ2x92FFo6sk8fYS1m1WLNTs0Dc1uPaViH0YvEEwvzddQ7y4rhXmA=="
      },
      "Microsoft.Diagnostics.Runtime": {
        "type": "Direct",
        "requested": "[4.0.0-beta.24360.3, )",
        "resolved": "4.0.0-beta.24360.3",
        "contentHash": "tDbQoOQCL7i/begOMXIo3usBw74r9mD2/Pz1HQhb+f9mLUriXxjDEdQErk7/nc3hHc4BHX0nFyS1htB5hOGb4A==",
        "dependencies": {
          "Azure.Identity": "1.11.4",
          "Microsoft.Diagnostics.NETCore.Client": "0.2.510501",
          "System.Collections.Immutable": "8.0.0",
          "System.Runtime.CompilerServices.Unsafe": "6.0.0"
        }
      },
      "Microsoft.Extensions.Logging": {
        "type": "Direct",
        "requested": "[10.0.0-rc.1.25451.107, )",
        "resolved": "10.0.0-rc.1.25451.107",
        "contentHash": "XKPlZZoN7eZjtpaincJm60Il2k5tBxuOfeT3w6gXcTNL5dM1tOR80hzDQaBIikyxI3uBApKtTU1Vge7In3W8Kg==",
        "dependencies": {
          "Microsoft.Bcl.AsyncInterfaces": "10.0.0-rc.1.25451.107",
          "Microsoft.Extensions.DependencyInjection": "10.0.0-rc.1.25451.107",
          "Microsoft.Extensions.Logging.Abstractions": "10.0.0-rc.1.25451.107",
          "Microsoft.Extensions.Options": "10.0.0-rc.1.25451.107",
          "System.Diagnostics.DiagnosticSource": "10.0.0-rc.1.25451.107",
          "System.ValueTuple": "4.6.1"
        }
      },
      "Microsoft.NETFramework.ReferenceAssemblies": {
        "type": "Direct",
        "requested": "[1.0.3, )",
        "resolved": "1.0.3",
        "contentHash": "vUc9Npcs14QsyOD01tnv/m8sQUnGTGOw1BCmKcv77LBJY7OxhJ+zJF7UD/sCL3lYNFuqmQEVlkfS4Quif6FyYg==",
        "dependencies": {
          "Microsoft.NETFramework.ReferenceAssemblies.net48": "1.0.3"
        }
      },
      "System.Diagnostics.DiagnosticSource": {
        "type": "Direct",
        "requested": "[10.0.1, )",
        "resolved": "10.0.1",
        "contentHash": "wVYO4/71Pk177uQ3TG8ZQFS3Pnmr98cF9pYxnpuIb/bMnbEWsdZZoLU/euv29mfSi2/Iuypj0TRUchPk7aqBGg==",
        "dependencies": {
          "System.Memory": "4.6.3",
          "System.Runtime.CompilerServices.Unsafe": "6.1.2"
        }
      },
      "System.IO.Pipelines": {
        "type": "Direct",
        "requested": "[10.0.1, )",
        "resolved": "10.0.1",
        "contentHash": "26LbFXHKd7PmRnWlkjnYgmjd5B6HYVG+1MpTO25BdxTJnx6D0O16JPAC/S4YBqjtt4YpfGj1QO/Ss6SPMGEGQw==",
        "dependencies": {
          "System.Buffers": "4.6.1",
          "System.Memory": "4.6.3",
          "System.Threading.Tasks.Extensions": "4.6.3"
        }
      },
      "System.Reflection.Emit.ILGeneration": {
        "type": "Direct",
        "requested": "[4.7.0, )",
        "resolved": "4.7.0",
        "contentHash": "AucBYo3DSI0IDxdUjKksBcQJXPHyoPyrCXYURW1WDsLI4M65Ar/goSHjdnHOAY9MiYDNKqDlIgaYm+zL2hA1KA=="
      },
      "System.Reflection.Emit.Lightweight": {
        "type": "Direct",
        "requested": "[4.7.0, )",
        "resolved": "4.7.0",
        "contentHash": "a4OLB4IITxAXJeV74MDx49Oq2+PsF6Sml54XAFv+2RyWwtDBcabzoxiiJRhdhx+gaohLh4hEGCLQyBozXoQPqA=="
      },
      "System.Threading.Channels": {
        "type": "Direct",
        "requested": "[10.0.1, )",
        "resolved": "10.0.1",
        "contentHash": "YRqU6Y2Cl6C+HrG5h1ftgKZ5VDTSA7j1wMKs5RtlauPeQ2EZ639Jt5aOFHdX3naP01hDDWFOWPApmNDVKwOpmg==",
        "dependencies": {
          "Microsoft.Bcl.AsyncInterfaces": "10.0.1",
          "System.Threading.Tasks.Extensions": "4.6.3"
        }
      },
      "Azure.Core": {
        "type": "Transitive",
        "resolved": "1.38.0",
        "contentHash": "IuEgCoVA0ef7E4pQtpC3+TkPbzaoQfa77HlfJDmfuaJUCVJmn7fT0izamZiryW5sYUFKizsftIxMkXKbgIcPMQ==",
        "dependencies": {
          "Microsoft.Bcl.AsyncInterfaces": "1.1.1",
          "System.ClientModel": "1.0.0",
          "System.Diagnostics.DiagnosticSource": "6.0.1",
          "System.Memory.Data": "1.0.2",
          "System.Numerics.Vectors": "4.5.0",
          "System.Text.Encodings.Web": "4.7.2",
          "System.Text.Json": "4.7.2",
          "System.Threading.Tasks.Extensions": "4.5.4"
        }
      },
      "Azure.Identity": {
        "type": "Transitive",
        "resolved": "1.11.4",
        "contentHash": "Sf4BoE6Q3jTgFkgBkx7qztYOFELBCo+wQgpYDwal/qJ1unBH73ywPztIJKXBXORRzAeNijsuxhk94h0TIMvfYg==",
        "dependencies": {
          "Azure.Core": "1.38.0",
          "Microsoft.Identity.Client": "4.61.3",
          "Microsoft.Identity.Client.Extensions.Msal": "4.61.3",
          "System.Memory": "4.5.4",
          "System.Security.Cryptography.ProtectedData": "4.7.0",
          "System.Text.Json": "4.7.2",
          "System.Threading.Tasks.Extensions": "4.5.4"
        }
      },
      "Dynamitey": {
        "type": "Transitive",
        "resolved": "3.0.3",
        "contentHash": "ocF4rRKgnmBkblk8RrgRP9YxxeJBvoaoCNLXgmUMgQCjZRw2v6Rtqxt5Kni6/TtbvICeWVN9X/69G5jltUEnbQ=="
      },
      "MessagePackAnalyzer": {
        "type": "Transitive",
        "resolved": "3.1.4",
        "contentHash": "CTaSsN/liJ7MhLCAB7Z4ZLBNuVGCq9lt2BT/cbrc9vzGv89yK3CqIA+z9T19a11eQYl9etZHL6MQJgCqECRVpg=="
      },
      "Microsoft.Bcl.AsyncInterfaces": {
        "type": "Transitive",
        "resolved": "10.0.1",
        "contentHash": "E1HSLkPHXEO30JEij2pWbOuzz1Z5ND4a5l7IP1T2RgQuE0a0NzEIvtO64RNy3Otn6PFezbT80cfm3M/Cgt70PA==",
        "dependencies": {
          "System.Threading.Tasks.Extensions": "4.6.3"
        }
      },
      "Microsoft.Diagnostics.NETCore.Client": {
        "type": "Transitive",
        "resolved": "0.2.510501",
        "contentHash": "juoqJYMDs+lRrrZyOkXXMImJHneCF23cuvO4waFRd2Ds7j+ZuGIPbJm0Y/zz34BdeaGiiwGWraMUlln05W1PCQ==",
        "dependencies": {
          "Microsoft.Bcl.AsyncInterfaces": "6.0.0",
          "Microsoft.Extensions.Logging": "6.0.0",
          "System.Buffers": "4.5.1"
        }
      },
      "Microsoft.Extensions.DependencyInjection": {
        "type": "Transitive",
        "resolved": "10.0.0-rc.1.25451.107",
        "contentHash": "LyE1mwZNT30J/6ygkZZm6QlDRaKpwQf5dHkREGAlJQr75kz1VGx0RI/cxa6kevnuYaLNE5UtgtGT2Amp+dFT1Q==",
        "dependencies": {
          "Microsoft.Bcl.AsyncInterfaces": "10.0.0-rc.1.25451.107",
          "Microsoft.Extensions.DependencyInjection.Abstractions": "10.0.0-rc.1.25451.107",
          "System.Threading.Tasks.Extensions": "4.6.3"
        }
      },
      "Microsoft.Extensions.DependencyInjection.Abstractions": {
        "type": "Transitive",
        "resolved": "10.0.0-rc.1.25451.107",
        "contentHash": "Wm2HfC0GlWExQmJajq85FHM9iHEOm61Z1c2YLivbzI6R5eT+TTSyfk3RHUra4oBU+oj1XhOIQ5hLW6Kg2r85tg==",
        "dependencies": {
          "Microsoft.Bcl.AsyncInterfaces": "10.0.0-rc.1.25451.107",
          "System.Threading.Tasks.Extensions": "4.6.3"
        }
      },
      "Microsoft.Extensions.Logging.Abstractions": {
        "type": "Transitive",
        "resolved": "10.0.0-rc.1.25451.107",
        "contentHash": "RwlHkxMbkgvKs5m0jfguF+a6nZH1qaJVC63cSAODNLMVyX22VumSWwDBgnzFTB3oUHfOnQgLmtEK1U/eEQRLLQ==",
        "dependencies": {
          "Microsoft.Extensions.DependencyInjection.Abstractions": "10.0.0-rc.1.25451.107",
          "System.Buffers": "4.6.1",
          "System.Diagnostics.DiagnosticSource": "10.0.0-rc.1.25451.107",
          "System.Memory": "4.6.3"
        }
      },
      "Microsoft.Extensions.Options": {
        "type": "Transitive",
        "resolved": "10.0.0-rc.1.25451.107",
        "contentHash": "lM7V/A39nKSh7kdTqqh8yRCEvgw1P3X0odWd5o7A94j/Ln8xT+1kV60MTP/i78jaa4FNDhFfYE7yao5T84aQZg==",
        "dependencies": {
          "Microsoft.Extensions.DependencyInjection.Abstractions": "10.0.0-rc.1.25451.107",
          "Microsoft.Extensions.Primitives": "10.0.0-rc.1.25451.107",
          "System.ValueTuple": "4.6.1"
        }
      },
      "Microsoft.Extensions.Primitives": {
        "type": "Transitive",
        "resolved": "10.0.0-rc.1.25451.107",
        "contentHash": "BNCfqG7CvhUQp7Sj8Qcr+HVNXkwV/nQfD6uS1HXXY2oO//QNpi4Mqy6IGeaIPIZIoQxykhLgPoSOJqRPCJRh/Q==",
        "dependencies": {
          "System.Memory": "4.6.3",
          "System.Runtime.CompilerServices.Unsafe": "6.1.2"
        }
      },
      "Microsoft.Identity.Client": {
        "type": "Transitive",
        "resolved": "4.61.3",
        "contentHash": "naJo/Qm35Caaoxp5utcw+R8eU8ZtLz2ALh8S+gkekOYQ1oazfCQMWVT4NJ/FnHzdIJlm8dMz0oMpMGCabx5odA==",
        "dependencies": {
          "Microsoft.IdentityModel.Abstractions": "6.35.0",
          "System.Diagnostics.DiagnosticSource": "6.0.1"
        }
      },
      "Microsoft.Identity.Client.Extensions.Msal": {
        "type": "Transitive",
        "resolved": "4.61.3",
        "contentHash": "PWnJcznrSGr25MN8ajlc2XIDW4zCFu0U6FkpaNLEWLgd1NgFCp5uDY3mqLDgM8zCN8hqj8yo5wHYfLB2HjcdGw==",
        "dependencies": {
          "Microsoft.Identity.Client": "4.61.3",
          "System.IO.FileSystem.AccessControl": "5.0.0",
          "System.Security.Cryptography.ProtectedData": "4.5.0"
        }
      },
      "Microsoft.IdentityModel.Abstractions": {
        "type": "Transitive",
        "resolved": "6.35.0",
        "contentHash": "xuR8E4Rd96M41CnUSCiOJ2DBh+z+zQSmyrYHdYhD6K4fXBcQGVnRCFQ0efROUYpP+p0zC1BLKr0JRpVuujTZSg=="
      },
      "Microsoft.NET.StringTools": {
        "type": "Transitive",
        "resolved": "17.11.4",
        "contentHash": "mudqUHhNpeqIdJoUx2YDWZO/I9uEDYVowan89R6wsomfnUJQk6HteoQTlNjZDixhT2B4IXMkMtgZtoceIjLRmA==",
        "dependencies": {
          "System.Memory": "4.5.5",
          "System.Runtime.CompilerServices.Unsafe": "6.0.0"
        }
      },
      "Microsoft.NETFramework.ReferenceAssemblies.net48": {
        "type": "Transitive",
        "resolved": "1.0.3",
        "contentHash": "zMk4D+9zyiEWByyQ7oPImPN/Jhpj166Ky0Nlla4eXlNL8hI/BtSJsgR8Inldd4NNpIAH3oh8yym0W2DrhXdSLQ=="
      },
      "System.Buffers": {
        "type": "Transitive",
        "resolved": "4.6.1",
        "contentHash": "N8GXpmiLMtljq7gwvyS+1QvKT/W2J8sNAvx+HVg4NGmsG/H+2k/y9QI23auLJRterrzCiDH+IWAw4V/GPwsMlw=="
      },
      "System.ClientModel": {
        "type": "Transitive",
        "resolved": "1.0.0",
        "contentHash": "I3CVkvxeqFYjIVEP59DnjbeoGNfo/+SZrCLpRz2v/g0gpCHaEMPtWSY0s9k/7jR1rAsLNg2z2u1JRB76tPjnIw==",
        "dependencies": {
          "System.Memory.Data": "1.0.2",
          "System.Text.Json": "4.7.2"
        }
      },
      "System.Collections.Immutable": {
        "type": "Transitive",
        "resolved": "8.0.0",
        "contentHash": "AurL6Y5BA1WotzlEvVaIDpqzpIPvYnnldxru8oXJU2yFxFUy3+pNXjXd1ymO+RA0rq0+590Q8gaz2l3Sr7fmqg==",
        "dependencies": {
          "System.Memory": "4.5.5",
          "System.Runtime.CompilerServices.Unsafe": "6.0.0"
        }
      },
      "System.IO.FileSystem.AccessControl": {
        "type": "Transitive",
        "resolved": "5.0.0",
        "contentHash": "SxHB3nuNrpptVk+vZ/F+7OHEpoHUIKKMl02bUmYHQr1r+glbZQxs7pRtsf4ENO29TVm2TH3AEeep2fJcy92oYw==",
        "dependencies": {
          "System.Security.AccessControl": "5.0.0",
          "System.Security.Principal.Windows": "5.0.0"
        }
      },
      "System.Memory": {
        "type": "Transitive",
        "resolved": "4.6.3",
        "contentHash": "qdcDOgnFZY40+Q9876JUHnlHu7bosOHX8XISRoH94fwk6hgaeQGSgfZd8srWRZNt5bV9ZW2TljcegDNxsf+96A==",
        "dependencies": {
          "System.Buffers": "4.6.1",
          "System.Numerics.Vectors": "4.6.1",
          "System.Runtime.CompilerServices.Unsafe": "6.1.2"
        }
      },
      "System.Memory.Data": {
        "type": "Transitive",
        "resolved": "1.0.2",
        "contentHash": "JGkzeqgBsiZwKJZ1IxPNsDFZDhUvuEdX8L8BDC8N3KOj+6zMcNU28CNN59TpZE/VJYy9cP+5M+sbxtWJx3/xtw==",
        "dependencies": {
          "System.Text.Encodings.Web": "4.7.2",
          "System.Text.Json": "4.6.0"
        }
      },
      "System.Numerics.Vectors": {
        "type": "Transitive",
        "resolved": "4.6.1",
        "contentHash": "sQxefTnhagrhoq2ReR0D/6K0zJcr9Hrd6kikeXsA1I8kOCboTavcUC4r7TSfpKFeE163uMuxZcyfO1mGO3EN8Q=="
      },
      "System.Runtime.CompilerServices.Unsafe": {
        "type": "Transitive",
        "resolved": "6.1.2",
        "contentHash": "2hBr6zdbIBTDE3EhK7NSVNdX58uTK6iHW/P/Axmm9sl1xoGSLqDvMtpecn226TNwHByFokYwJmt/aQQNlO5CRw=="
      },
      "System.Security.AccessControl": {
        "type": "Transitive",
        "resolved": "5.0.0",
        "contentHash": "dagJ1mHZO3Ani8GH0PHpPEe/oYO+rVdbQjvjJkBRNQkX4t0r1iaeGn8+/ybkSLEan3/slM0t59SVdHzuHf2jmw==",
        "dependencies": {
          "System.Security.Principal.Windows": "5.0.0"
        }
      },
      "System.Security.Cryptography.ProtectedData": {
        "type": "Transitive",
        "resolved": "4.7.0",
        "contentHash": "ehYW0m9ptxpGWvE4zgqongBVWpSDU/JCFD4K7krxkQwSz/sFQjEXCUqpvencjy6DYDbn7Ig09R8GFffu8TtneQ=="
      },
      "System.Security.Principal.Windows": {
        "type": "Transitive",
        "resolved": "5.0.0",
        "contentHash": "t0MGLukB5WAVU9bO3MGzvlGnyJPgUlcwerXn1kzBRjwLKixT96XV0Uza41W49gVd8zEMFu9vQEFlv0IOrytICA=="
      },
      "System.Text.Encodings.Web": {
        "type": "Transitive",
        "resolved": "4.7.2",
        "contentHash": "iTUgB/WtrZ1sWZs84F2hwyQhiRH6QNjQv2DkwrH+WP6RoFga2Q1m3f9/Q7FG8cck8AdHitQkmkXSY8qylcDmuA==",
        "dependencies": {
          "System.Buffers": "4.5.1",
          "System.Memory": "4.5.4"
        }
      },
      "System.Text.Json": {
        "type": "Transitive",
        "resolved": "4.7.2",
        "contentHash": "TcMd95wcrubm9nHvJEQs70rC0H/8omiSGGpU4FQ/ZA1URIqD4pjmFJh2Mfv1yH1eHgJDWTi2hMDXwTET+zOOyg==",
        "dependencies": {
          "Microsoft.Bcl.AsyncInterfaces": "1.1.0",
          "System.Buffers": "4.5.1",
          "System.Memory": "4.5.4",
          "System.Numerics.Vectors": "4.5.0",
          "System.Runtime.CompilerServices.Unsafe": "4.7.1",
          "System.Text.Encodings.Web": "4.7.1",
          "System.Threading.Tasks.Extensions": "4.5.4",
          "System.ValueTuple": "4.5.0"
        }
      },
      "System.Threading.Tasks.Extensions": {
        "type": "Transitive",
        "resolved": "4.6.3",
        "contentHash": "7sCiwilJLYbTZELaKnc7RecBBXWXA+xMLQWZKWawBxYjp6DBlSE3v9/UcvKBvr1vv2tTOhipiogM8rRmxlhrVA==",
        "dependencies": {
          "System.Runtime.CompilerServices.Unsafe": "6.1.2"
        }
      },
      "System.ValueTuple": {
        "type": "Transitive",
        "resolved": "4.6.1",
        "contentHash": "+RJT4qaekpZ7DDLhf+LTjq+E48jieKiY9ulJ+BoxKmZblIJfIJT8Ufcaa/clQqnYvWs8jugfGSMu8ylS0caG0w=="
      },
      "mtgosdk.win32": {
        "type": "Project",
        "dependencies": {
          "Iced": "[1.21.0, )",
          "Microsoft.Win32.Registry": "[5.0.0, )"
        }
      },
      "Iced": {
        "type": "CentralTransitive",
        "requested": "[1.21.0, )",
        "resolved": "1.21.0",
        "contentHash": "dv5+81Q1TBQvVMSOOOmRcjJmvWcX3BZPZsIq31+RLc5cNft0IHAyNlkdb7ZarOWG913PyBoFDsDXoCIlKmLclg=="
      },
      "Microsoft.Win32.Registry": {
        "type": "CentralTransitive",
        "requested": "[5.0.0, )",
        "resolved": "5.0.0",
        "contentHash": "dDoKi0PnDz31yAyETfRntsLArTlVAVzUzCIvvEDsDsucrl33Dl8pIJG06ePTJTI3tGpeyHS9Cq7Foc/s4EeKcg==",
        "dependencies": {
          "System.Security.AccessControl": "5.0.0",
          "System.Security.Principal.Windows": "5.0.0"
        }
      }
    },
    "net10.0-windows7.0": {
      "DotNet.ReproducibleBuilds": {
        "type": "Direct",
        "requested": "[1.2.39, )",
        "resolved": "1.2.39",
        "contentHash": "fcFN01tDTIQqDuTwr1jUQK/geofiwjG5DycJQOnC72i1SsLAk1ELe+apBOuZ11UMQG8YKFZG1FgvjZPbqHyatg=="
      },
      "ImpromptuInterface": {
        "type": "Direct",
        "requested": "[8.0.6, )",
        "resolved": "8.0.6",
        "contentHash": "bo8oslg7bwQD8ODMDowVk5c4B+9ZhNHPfgvhmTBbNWLXyEDAwY0gAhgyEn297/eS1HSIHqqxjPcdhGcYvgSE0A==",
        "dependencies": {
          "Dynamitey": "3.0.3"
        }
      },
      "MessagePack": {
        "type": "Direct",
        "requested": "[3.1.4, )",
        "resolved": "3.1.4",
        "contentHash": "BH0wlHWmVoZpbAPyyt2Awbq30C+ZsS3eHSkYdnyUAbqVJ22fAJDzn2xTieBeoT5QlcBzp61vHcv878YJGfi3mg==",
        "dependencies": {
          "MessagePack.Annotations": "3.1.4",
          "MessagePackAnalyzer": "3.1.4",
          "Microsoft.NET.StringTools": "17.11.4"
        }
      },
      "MessagePack.Annotations": {
        "type": "Direct",
        "requested": "[3.1.4, )",
        "resolved": "3.1.4",
        "contentHash": "aVWrDAkCdqxwQsz/q0ldPh2EFn48M99YUzE9OvZjMq2RNLKz4o2z88iGFvSvbMqOWRweRvKPHBJZe22PRqzslQ=="
      },
      "Microsoft.CSharp": {
        "type": "Direct",
        "requested": "[4.7.0, )",
        "resolved": "4.7.0",
        "contentHash": "pTj+D3uJWyN3My70i2Hqo+OXixq3Os2D1nJ2x92FFo6sk8fYS1m1WLNTs0Dc1uPaViH0YvEEwvzddQ7y4rhXmA=="
      },
      "Microsoft.Diagnostics.Runtime": {
        "type": "Direct",
        "requested": "[4.0.0-beta.24360.3, )",
        "resolved": "4.0.0-beta.24360.3",
        "contentHash": "tDbQoOQCL7i/begOMXIo3usBw74r9mD2/Pz1HQhb+f9mLUriXxjDEdQErk7/nc3hHc4BHX0nFyS1htB5hOGb4A==",
        "dependencies": {
          "Azure.Identity": "1.11.4",
          "Microsoft.Diagnostics.NETCore.Client": "0.2.510501"
        }
      },
      "Microsoft.Extensions.Logging": {
        "type": "Direct",
        "requested": "[10.0.0-rc.1.25451.107, )",
        "resolved": "10.0.0-rc.1.25451.107",
        "contentHash": "XKPlZZoN7eZjtpaincJm60Il2k5tBxuOfeT3w6gXcTNL5dM1tOR80hzDQaBIikyxI3uBApKtTU1Vge7In3W8Kg==",
        "dependencies": {
          "Microsoft.Extensions.DependencyInjection": "10.0.0-rc.1.25451.107",
          "Microsoft.Extensions.Logging.Abstractions": "10.0.0-rc.1.25451.107",
          "Microsoft.Extensions.Options": "10.0.0-rc.1.25451.107"
        }
      },
      "Microsoft.NET.ILLink.Tasks": {
        "type": "Direct",
        "requested": "[8.0.15, )",
        "resolved": "8.0.15",
        "contentHash": "s4eXlcRGyHeCgFUGQnhq0e/SCHBPp0jOHgMqZg3fQ2OCHJSm1aOUhI6RFWuVIcEb9ig2WgI2kWukk8wu72EbUQ=="
      },
      "MinVer": {
        "type": "Direct",
        "requested": "[6.1.0-beta.1, )",
        "resolved": "6.1.0-beta.1",
        "contentHash": "7G+74w2V7Cd9wy6JmUuRsDY/lskO9smQNlp9rF6BJr70RTQb6odJ3n6Oau23/eBuvQjI6vy4bVbQPZvDFey01g=="
      },
      "System.Diagnostics.DiagnosticSource": {
        "type": "Direct",
        "requested": "[10.0.1, )",
        "resolved": "10.0.1",
        "contentHash": "wVYO4/71Pk177uQ3TG8ZQFS3Pnmr98cF9pYxnpuIb/bMnbEWsdZZoLU/euv29mfSi2/Iuypj0TRUchPk7aqBGg=="
      },
      "System.IO.Pipelines": {
        "type": "Direct",
        "requested": "[10.0.1, )",
        "resolved": "10.0.1",
        "contentHash": "26LbFXHKd7PmRnWlkjnYgmjd5B6HYVG+1MpTO25BdxTJnx6D0O16JPAC/S4YBqjtt4YpfGj1QO/Ss6SPMGEGQw=="
      },
      "System.Threading.Channels": {
        "type": "Direct",
        "requested": "[10.0.1, )",
        "resolved": "10.0.1",
        "contentHash": "YRqU6Y2Cl6C+HrG5h1ftgKZ5VDTSA7j1wMKs5RtlauPeQ2EZ639Jt5aOFHdX3naP01hDDWFOWPApmNDVKwOpmg=="
      },
      "Azure.Core": {
        "type": "Transitive",
        "resolved": "1.38.0",
        "contentHash": "IuEgCoVA0ef7E4pQtpC3+TkPbzaoQfa77HlfJDmfuaJUCVJmn7fT0izamZiryW5sYUFKizsftIxMkXKbgIcPMQ==",
        "dependencies": {
          "Microsoft.Bcl.AsyncInterfaces": "1.1.1",
          "System.ClientModel": "1.0.0",
          "System.Memory.Data": "1.0.2"
        }
      },
      "Azure.Identity": {
        "type": "Transitive",
        "resolved": "1.11.4",
        "contentHash": "Sf4BoE6Q3jTgFkgBkx7qztYOFELBCo+wQgpYDwal/qJ1unBH73ywPztIJKXBXORRzAeNijsuxhk94h0TIMvfYg==",
        "dependencies": {
          "Azure.Core": "1.38.0",
          "Microsoft.Identity.Client": "4.61.3",
          "Microsoft.Identity.Client.Extensions.Msal": "4.61.3"
        }
      },
      "Dynamitey": {
        "type": "Transitive",
        "resolved": "3.0.3",
        "contentHash": "ocF4rRKgnmBkblk8RrgRP9YxxeJBvoaoCNLXgmUMgQCjZRw2v6Rtqxt5Kni6/TtbvICeWVN9X/69G5jltUEnbQ=="
      },
      "MessagePackAnalyzer": {
        "type": "Transitive",
        "resolved": "3.1.4",
        "contentHash": "CTaSsN/liJ7MhLCAB7Z4ZLBNuVGCq9lt2BT/cbrc9vzGv89yK3CqIA+z9T19a11eQYl9etZHL6MQJgCqECRVpg=="
      },
      "Microsoft.Bcl.AsyncInterfaces": {
        "type": "Transitive",
        "resolved": "1.1.1",
        "contentHash": "yuvf07qFWFqtK3P/MRkEKLhn5r2UbSpVueRziSqj0yJQIKFwG1pq9mOayK3zE5qZCTs0CbrwL9M6R8VwqyGy2w=="
      },
      "Microsoft.Diagnostics.NETCore.Client": {
        "type": "Transitive",
        "resolved": "0.2.510501",
        "contentHash": "juoqJYMDs+lRrrZyOkXXMImJHneCF23cuvO4waFRd2Ds7j+ZuGIPbJm0Y/zz34BdeaGiiwGWraMUlln05W1PCQ==",
        "dependencies": {
          "Microsoft.Extensions.Logging": "6.0.0"
        }
      },
      "Microsoft.Extensions.DependencyInjection": {
        "type": "Transitive",
        "resolved": "10.0.0-rc.1.25451.107",
        "contentHash": "LyE1mwZNT30J/6ygkZZm6QlDRaKpwQf5dHkREGAlJQr75kz1VGx0RI/cxa6kevnuYaLNE5UtgtGT2Amp+dFT1Q==",
        "dependencies": {
          "Microsoft.Extensions.DependencyInjection.Abstractions": "10.0.0-rc.1.25451.107"
        }
      },
      "Microsoft.Extensions.DependencyInjection.Abstractions": {
        "type": "Transitive",
        "resolved": "10.0.0-rc.1.25451.107",
        "contentHash": "Wm2HfC0GlWExQmJajq85FHM9iHEOm61Z1c2YLivbzI6R5eT+TTSyfk3RHUra4oBU+oj1XhOIQ5hLW6Kg2r85tg=="
      },
      "Microsoft.Extensions.Logging.Abstractions": {
        "type": "Transitive",
        "resolved": "10.0.0-rc.1.25451.107",
        "contentHash": "RwlHkxMbkgvKs5m0jfguF+a6nZH1qaJVC63cSAODNLMVyX22VumSWwDBgnzFTB3oUHfOnQgLmtEK1U/eEQRLLQ==",
        "dependencies": {
          "Microsoft.Extensions.DependencyInjection.Abstractions": "10.0.0-rc.1.25451.107"
        }
      },
      "Microsoft.Extensions.Options": {
        "type": "Transitive",
        "resolved": "10.0.0-rc.1.25451.107",
        "contentHash": "lM7V/A39nKSh7kdTqqh8yRCEvgw1P3X0odWd5o7A94j/Ln8xT+1kV60MTP/i78jaa4FNDhFfYE7yao5T84aQZg==",
        "dependencies": {
          "Microsoft.Extensions.DependencyInjection.Abstractions": "10.0.0-rc.1.25451.107",
          "Microsoft.Extensions.Primitives": "10.0.0-rc.1.25451.107"
        }
      },
      "Microsoft.Extensions.Primitives": {
        "type": "Transitive",
        "resolved": "10.0.0-rc.1.25451.107",
        "contentHash": "BNCfqG7CvhUQp7Sj8Qcr+HVNXkwV/nQfD6uS1HXXY2oO//QNpi4Mqy6IGeaIPIZIoQxykhLgPoSOJqRPCJRh/Q=="
      },
      "Microsoft.Identity.Client": {
        "type": "Transitive",
        "resolved": "4.61.3",
        "contentHash": "naJo/Qm35Caaoxp5utcw+R8eU8ZtLz2ALh8S+gkekOYQ1oazfCQMWVT4NJ/FnHzdIJlm8dMz0oMpMGCabx5odA==",
        "dependencies": {
          "Microsoft.IdentityModel.Abstractions": "6.35.0"
        }
      },
      "Microsoft.Identity.Client.Extensions.Msal": {
        "type": "Transitive",
        "resolved": "4.61.3",
        "contentHash": "PWnJcznrSGr25MN8ajlc2XIDW4zCFu0U6FkpaNLEWLgd1NgFCp5uDY3mqLDgM8zCN8hqj8yo5wHYfLB2HjcdGw==",
        "dependencies": {
          "Microsoft.Identity.Client": "4.61.3"
        }
      },
      "Microsoft.IdentityModel.Abstractions": {
        "type": "Transitive",
        "resolved": "6.35.0",
        "contentHash": "xuR8E4Rd96M41CnUSCiOJ2DBh+z+zQSmyrYHdYhD6K4fXBcQGVnRCFQ0efROUYpP+p0zC1BLKr0JRpVuujTZSg=="
      },
      "Microsoft.NET.StringTools": {
        "type": "Transitive",
        "resolved": "17.11.4",
        "contentHash": "mudqUHhNpeqIdJoUx2YDWZO/I9uEDYVowan89R6wsomfnUJQk6HteoQTlNjZDixhT2B4IXMkMtgZtoceIjLRmA=="
      },
      "System.ClientModel": {
        "type": "Transitive",
        "resolved": "1.0.0",
        "contentHash": "I3CVkvxeqFYjIVEP59DnjbeoGNfo/+SZrCLpRz2v/g0gpCHaEMPtWSY0s9k/7jR1rAsLNg2z2u1JRB76tPjnIw==",
        "dependencies": {
          "System.Memory.Data": "1.0.2"
        }
      },
      "System.Memory.Data": {
        "type": "Transitive",
        "resolved": "1.0.2",
        "contentHash": "JGkzeqgBsiZwKJZ1IxPNsDFZDhUvuEdX8L8BDC8N3KOj+6zMcNU28CNN59TpZE/VJYy9cP+5M+sbxtWJx3/xtw=="
      },
      "mtgosdk.win32": {
        "type": "Project",
        "dependencies": {
          "Iced": "[1.21.0, )"
        }
      },
      "Iced": {
        "type": "CentralTransitive",
        "requested": "[1.21.0, )",
        "resolved": "1.21.0",
        "contentHash": "dv5+81Q1TBQvVMSOOOmRcjJmvWcX3BZPZsIq31+RLc5cNft0IHAyNlkdb7ZarOWG913PyBoFDsDXoCIlKmLclg=="
      }
    }
  }
}