{
  "version": 2,
  "dependencies": {
    ".NETFramework,Version=v4.8": {
      "DotNet.ReproducibleBuilds": {
        "type": "Direct",
        "requested": "[1.2.25, )",
        "resolved": "1.2.25",
        "contentHash": "xCXiw7BCxHJ8pF6wPepRUddlh2dlQlbr81gXA72hdk4FLHkKXas7EH/n+fk5UCA/YfMqG1Z6XaPiUjDbUNBUzg=="
      },
      "ILRepack": {
        "type": "Direct",
        "requested": "[2.0.40, )",
        "resolved": "2.0.40",
        "contentHash": "zl/uXSzEs7fgyPYIPhlS/ogjSTcxwrNJsoY8gHizaaZXxQOv/5gKPk3a8axkLd7Th0owzKlLQm0QJUBT7TmX/A=="
      },
      "ILRepack.Lib": {
        "type": "Direct",
        "requested": "[2.0.40, )",
        "resolved": "2.0.40",
        "contentHash": "pptepMeu0JDNwohTTYdz9V1iVHsi/ZH3LJCywuvLuQ3UAs+Fd9nuat7VLeMhC0fGbAF5VsOkWZ3Pnx8QCG2zig=="
      },
      "Meziantou.Polyfill": {
        "type": "Direct",
        "requested": "[1.0.48, )",
        "resolved": "1.0.48",
        "contentHash": "Mk8MpW4wowR+sSMz0akEJp5cco9g527LnxztVOJiDX2kGgcy8ZfU2TyxleIKNJJN78PQf9N0xeiF7TZY5d3c7w=="
      },
      "Microsoft.Build.Utilities.Core": {
        "type": "Direct",
        "requested": "[17.13.9, )",
        "resolved": "17.13.9",
        "contentHash": "8l/iUywD8ARu+9P5J2AUihLF2WAJRhZm3dbphKHBKZgwcJfHpfeVzIbh/4ZT7hnj5D0p6gVdoODs/X5b9aM9Qw==",
        "dependencies": {
          "Microsoft.Build.Framework": "17.13.9",
          "Microsoft.IO.Redist": "6.0.1",
          "Microsoft.NET.StringTools": "17.13.9",
          "System.Collections.Immutable": "8.0.0",
          "System.Configuration.ConfigurationManager": "8.0.0",
          "System.Memory": "4.5.5",
          "System.Runtime.CompilerServices.Unsafe": "6.0.0"
        }
      },
      "Microsoft.Extensions.Logging": {
        "type": "Direct",
        "requested": "[10.0.0-preview.7.25380.108, )",
        "resolved": "10.0.0-preview.7.25380.108",
        "contentHash": "vktcXpKfaF3TEC5OoAv2ySdImeBErcbFwUduuFIGvKOdYGw1B1N8ZpG5GLxApMXFgygdMcAFrkotDWzOF1npUA==",
        "dependencies": {
          "Microsoft.Bcl.AsyncInterfaces": "10.0.0-preview.7.25380.108",
          "Microsoft.Extensions.DependencyInjection": "10.0.0-preview.7.25380.108",
          "Microsoft.Extensions.Logging.Abstractions": "10.0.0-preview.7.25380.108",
          "Microsoft.Extensions.Options": "10.0.0-preview.7.25380.108",
          "System.Diagnostics.DiagnosticSource": "10.0.0-preview.7.25380.108",
          "System.ValueTuple": "4.6.1"
        }
      },
      "Microsoft.NETFramework.ReferenceAssemblies": {
        "type": "Direct",
        "requested": "[1.0.3, )",
        "resolved": "1.0.3",
        "contentHash": "vUc9Npcs14QsyOD01tnv/m8sQUnGTGOw1BCmKcv77LBJY7OxhJ+zJF7UD/sCL3lYNFuqmQEVlkfS4Quif6FyYg==",
        "dependencies": {
          "Microsoft.NETFramework.ReferenceAssemblies.net48": "1.0.3"
        }
      },
      "Microsoft.Bcl.AsyncInterfaces": {
        "type": "Transitive",
        "resolved": "10.0.0-preview.7.25380.108",
        "contentHash": "bFv9W1Q6lacazW0WGrpCRG3BYE6j8fqkkeHtlpINDlC/tDqN18aLmSQTesfTJ6iJh325FZoVipFIKkOo6cIz9A==",
        "dependencies": {
          "System.Threading.Tasks.Extensions": "4.6.3"
        }
      },
      "Microsoft.Build.Framework": {
        "type": "Transitive",
        "resolved": "17.13.9",
        "contentHash": "Yc9R6+YdvB7KStBN2SiojR5bsFf+/xklQFhlgRog1wp+2V6rpfOyJftP6WdMwpvRAdy7kWSrvlrbllw62OgtlA==",
        "dependencies": {
          "System.Runtime.CompilerServices.Unsafe": "6.0.0"
        }
      },
      "Microsoft.Extensions.DependencyInjection": {
        "type": "Transitive",
        "resolved": "10.0.0-preview.7.25380.108",
        "contentHash": "UVMEx1ZOOugXCNxXARPsmtu7B3RzYShFoeGvmO4wA1OmcW8cOSXr7QNTiCTp3uXNrx14daefmDX/BlsExlZyVg==",
        "dependencies": {
          "Microsoft.Bcl.AsyncInterfaces": "10.0.0-preview.7.25380.108",
          "Microsoft.Extensions.DependencyInjection.Abstractions": "10.0.0-preview.7.25380.108",
          "System.Threading.Tasks.Extensions": "4.6.3"
        }
      },
      "Microsoft.Extensions.DependencyInjection.Abstractions": {
        "type": "Transitive",
        "resolved": "10.0.0-preview.7.25380.108",
        "contentHash": "0oSQ8o2O8eMxaInqR1GykEzzlerBTN3xQMsEtaWA4zbf1LmrqV7H9ctTTjK4oMeWMCTb9mfYoN9fsVWbAhkTXA==",
        "dependencies": {
          "Microsoft.Bcl.AsyncInterfaces": "10.0.0-preview.7.25380.108",
          "System.Threading.Tasks.Extensions": "4.6.3"
        }
      },
      "Microsoft.Extensions.Logging.Abstractions": {
        "type": "Transitive",
        "resolved": "10.0.0-preview.7.25380.108",
        "contentHash": "qfx62EG7wvjym/GusNX+kzqPByIVYiXyqBYaObQlIch5YukiVd4ovUJHALYt11jpcxpv9nmjgmqahIluf2j5xA==",
        "dependencies": {
          "Microsoft.Extensions.DependencyInjection.Abstractions": "10.0.0-preview.7.25380.108",
          "System.Buffers": "4.6.1",
          "System.Diagnostics.DiagnosticSource": "10.0.0-preview.7.25380.108",
          "System.Memory": "4.6.3"
        }
      },
      "Microsoft.Extensions.Options": {
        "type": "Transitive",
        "resolved": "10.0.0-preview.7.25380.108",
        "contentHash": "kG3XdCpBiMSxPsAeMCy8YhHpe3sUlSoBGuZQfTcC/VaWKrvpQ5OrbhBCfb/SOPLzWexijSsDwtgjYenRvqE91Q==",
        "dependencies": {
          "Microsoft.Extensions.DependencyInjection.Abstractions": "10.0.0-preview.7.25380.108",
          "Microsoft.Extensions.Primitives": "10.0.0-preview.7.25380.108",
          "System.ValueTuple": "4.6.1"
        }
      },
      "Microsoft.Extensions.Primitives": {
        "type": "Transitive",
        "resolved": "10.0.0-preview.7.25380.108",
        "contentHash": "0oC37fX0irgi29vN8JQdvXn1jZI6upCIs8Q8J+loetDrWrB3fwYBqbUdz/mMS41G+kkjCSaGRfZM8dBiZqqMpw==",
        "dependencies": {
          "System.Memory": "4.6.3",
          "System.Runtime.CompilerServices.Unsafe": "6.1.2"
        }
      },
      "Microsoft.IO.Redist": {
        "type": "Transitive",
        "resolved": "6.0.1",
        "contentHash": "bSapbVhuyHtTHXRJwLwhzkOIUPXXMxxJ9a1/gjXb7gtk9949aggm17v+Hb1biv6CTl1DWoZ6YcxVFrGQRGeETQ==",
        "dependencies": {
          "System.Buffers": "4.5.1",
          "System.Memory": "4.5.4"
        }
      },
      "Microsoft.NET.StringTools": {
        "type": "Transitive",
        "resolved": "17.13.9",
        "contentHash": "GjB0YvVu4gamPBYr+iKokahqZIBWds5hVNSFAYUsxk1KZLI5oubs52xmG3sMDTKy1yR7MBxBhi/k9YY6/qw53A==",
        "dependencies": {
          "System.Memory": "4.5.5",
          "System.Runtime.CompilerServices.Unsafe": "6.0.0"
        }
      },
      "Microsoft.NETFramework.ReferenceAssemblies.net48": {
        "type": "Transitive",
        "resolved": "1.0.3",
        "contentHash": "zMk4D+9zyiEWByyQ7oPImPN/Jhpj166Ky0Nlla4eXlNL8hI/BtSJsgR8Inldd4NNpIAH3oh8yym0W2DrhXdSLQ=="
      },
      "System.Buffers": {
        "type": "Transitive",
        "resolved": "4.6.1",
        "contentHash": "N8GXpmiLMtljq7gwvyS+1QvKT/W2J8sNAvx+HVg4NGmsG/H+2k/y9QI23auLJRterrzCiDH+IWAw4V/GPwsMlw=="
      },
      "System.Collections.Immutable": {
        "type": "Transitive",
        "resolved": "8.0.0",
        "contentHash": "AurL6Y5BA1WotzlEvVaIDpqzpIPvYnnldxru8oXJU2yFxFUy3+pNXjXd1ymO+RA0rq0+590Q8gaz2l3Sr7fmqg==",
        "dependencies": {
          "System.Memory": "4.5.5",
          "System.Runtime.CompilerServices.Unsafe": "6.0.0"
        }
      },
      "System.Configuration.ConfigurationManager": {
        "type": "Transitive",
        "resolved": "8.0.0",
        "contentHash": "JlYi9XVvIREURRUlGMr1F6vOFLk7YSY4p1vHo4kX3tQ0AGrjqlRWHDi66ImHhy6qwXBG3BJ6Y1QlYQ+Qz6Xgww=="
      },
      "System.Diagnostics.DiagnosticSource": {
        "type": "Transitive",
        "resolved": "10.0.0-preview.7.25380.108",
        "contentHash": "kHZv+joysoqdqT4jGOKl8UgErOQWesLaUK9IaPeBynWAUI4aWgevdCC7ElKu1X9MKsL4jzwtbIMaPgXhaWSDcw==",
        "dependencies": {
          "System.Memory": "4.6.3",
          "System.Runtime.CompilerServices.Unsafe": "6.1.2"
        }
      },
      "System.Memory": {
        "type": "Transitive",
        "resolved": "4.6.3",
        "contentHash": "qdcDOgnFZY40+Q9876JUHnlHu7bosOHX8XISRoH94fwk6hgaeQGSgfZd8srWRZNt5bV9ZW2TljcegDNxsf+96A==",
        "dependencies": {
          "System.Buffers": "4.6.1",
          "System.Numerics.Vectors": "4.6.1",
          "System.Runtime.CompilerServices.Unsafe": "6.1.2"
        }
      },
      "System.Numerics.Vectors": {
        "type": "Transitive",
        "resolved": "4.6.1",
        "contentHash": "sQxefTnhagrhoq2ReR0D/6K0zJcr9Hrd6kikeXsA1I8kOCboTavcUC4r7TSfpKFeE163uMuxZcyfO1mGO3EN8Q=="
      },
      "System.Runtime.CompilerServices.Unsafe": {
        "type": "Transitive",
        "resolved": "6.1.2",
        "contentHash": "2hBr6zdbIBTDE3EhK7NSVNdX58uTK6iHW/P/Axmm9sl1xoGSLqDvMtpecn226TNwHByFokYwJmt/aQQNlO5CRw=="
      },
      "System.Threading.Tasks.Extensions": {
        "type": "Transitive",
        "resolved": "4.6.3",
        "contentHash": "7sCiwilJLYbTZELaKnc7RecBBXWXA+xMLQWZKWawBxYjp6DBlSE3v9/UcvKBvr1vv2tTOhipiogM8rRmxlhrVA==",
        "dependencies": {
          "System.Runtime.CompilerServices.Unsafe": "6.1.2"
        }
      },
      "System.ValueTuple": {
        "type": "Transitive",
        "resolved": "4.6.1",
        "contentHash": "+RJT4qaekpZ7DDLhf+LTjq+E48jieKiY9ulJ+BoxKmZblIJfIJT8Ufcaa/clQqnYvWs8jugfGSMu8ylS0caG0w=="
      }
    }
  }
}